
Microsoft Visual Studio Solution File, Format Version 12.00
# Visual Studio Version 18
VisualStudioVersion = 18.6.11806.211 stable
MinimumVisualStudioVersion = 10.0.40219.1
Project("{FAE04EC0-301F-11D3-BF4B-00C04F79EFBC}") = "YjkInstaller", "YjkInstaller.csproj", "{A33EDF14-8867-86DF-1848-2FA0480E0506}"
EndProject
Global
	GlobalSection(SolutionConfigurationPlatforms) = preSolution
		Debug|Any CPU = Debug|Any CPU
		Release|Any CPU = Release|Any CPU
	EndGlobalSection
	GlobalSection(ProjectConfigurationPlatforms) = postSolution
		{A33EDF14-8867-86DF-1848-2FA0480E0506}.Debug|Any CPU.ActiveCfg = Debug|Any CPU
		{A33EDF14-8867-86DF-1848-2FA0480E0506}.Debug|Any CPU.Build.0 = Debug|Any CPU
		{A33EDF14-8867-86DF-1848-2FA0480E0506}.Release|Any CPU.ActiveCfg = Release|Any CPU
		{A33EDF14-8867-86DF-1848-2FA0480E0506}.Release|Any CPU.Build.0 = Release|Any CPU
	EndGlobalSection
	GlobalSection(SolutionProperties) = preSolution
		HideSolutionNode = FALSE
	EndGlobalSection
	GlobalSection(ExtensibilityGlobals) = postSolution
		SolutionGuid = {270D155A-B003-4615-BDA9-03E9459FCDC1}
	EndGlobalSection
EndGlobal
