
Microsoft Visual Studio Solution File, Format Version 12.00
# Visual Studio Version 17
VisualStudioVersion = 17.4.33213.308
MinimumVisualStudioVersion = 10.0.40219.1
Project("{9A19103F-16F7-4668-BE54-9A1E7A4F7556}") = "ConnectionWebClient", "ConnectionWebClient\ConnectionWebClient.csproj", "{B7253F3A-2AF4-47A1-814E-7BD54B402153}"
EndProject
Project("{9A19103F-16F7-4668-BE54-9A1E7A4F7556}") = "IdeaRS.OpenModel", "..\IdeaRS.OpenModel\IdeaRS.OpenModel.csproj", "{7577E501-DD46-436D-9BA5-D4E463C28DDC}"
EndProject
Project("{9A19103F-16F7-4668-BE54-9A1E7A4F7556}") = "IdeaStatiCa.ConnectionApi", "..\IdeaStatiCa.ConnectionApi\IdeaStatiCa.ConnectionApi.csproj", "{B964381D-C0EC-46EB-BB00-F8AD1BEAA798}"
EndProject
Project("{9A19103F-16F7-4668-BE54-9A1E7A4F7556}") = "IdeaStatiCa.Plugin", "..\IdeaStatiCa.Plugin\IdeaStatiCa.Plugin.csproj", "{27838C76-D579-4B25-B20D-5DE256469A8D}"
EndProject
Project("{9A19103F-16F7-4668-BE54-9A1E7A4F7556}") = "IdeaStatiCa.PluginsTools", "..\IdeaStatiCa.PluginsTools\IdeaStatiCa.PluginsTools.csproj", "{5A150939-7223-4910-AA46-923716761E31}"
EndProject
Project("{9A19103F-16F7-4668-BE54-9A1E7A4F7556}") = "IdeaStatiCa.Public", "..\IdeaStatiCa.Public\IdeaStatiCa.Public.csproj", "{8B8F7042-C122-4A89-8F44-D70BF0521361}"
EndProject
Project("{9A19103F-16F7-4668-BE54-9A1E7A4F7556}") = "IdeaStatiCa.NetFrameworkPort", "..\IdeaStatiCa.NetFrameworkPort\IdeaStatiCa.NetFrameworkPort.csproj", "{451A4B11-D721-4731-AFF5-B9E670B4B4A2}"
EndProject
Project("{9A19103F-16F7-4668-BE54-9A1E7A4F7556}") = "IdeaStatiCa.PluginLogger", "..\Logger\IdeaStatiCa.PluginLogger\IdeaStatiCa.PluginLogger.csproj", "{E6CD2C4B-935E-40E5-8549-437328B7CB69}"
EndProject
Project("{D954291E-2A0B-460D-934E-DC6B0785DB48}") = "SerilogFacade", "..\Logger\SerilogFacade\SerilogFacade.shproj", "{D09CA0D0-737E-4481-8D89-371388E70F03}"
EndProject
Project("{2150E333-8FDC-42A3-9474-1A3956D46DE8}") = "Logger", "Logger", "{A46DFE34-F032-4EA0-9EB6-C7E99004061D}"
EndProject
Project("{9A19103F-16F7-4668-BE54-9A1E7A4F7556}") = "IdeaStatiCa.Api", "..\IdeaStatiCa.Api\IdeaStatiCa.Api.csproj", "{4A42945D-C3F3-496E-B684-066C7A685EB3}"
EndProject
Global
	GlobalSection(SolutionConfigurationPlatforms) = preSolution
		Debug|Any CPU = Debug|Any CPU
		Release|Any CPU = Release|Any CPU
	EndGlobalSection
	GlobalSection(ProjectConfigurationPlatforms) = postSolution
		{B7253F3A-2AF4-47A1-814E-7BD54B402153}.Debug|Any CPU.ActiveCfg = Debug|Any CPU
		{B7253F3A-2AF4-47A1-814E-7BD54B402153}.Debug|Any CPU.Build.0 = Debug|Any CPU
		{B7253F3A-2AF4-47A1-814E-7BD54B402153}.Release|Any CPU.ActiveCfg = Release|Any CPU
		{B7253F3A-2AF4-47A1-814E-7BD54B402153}.Release|Any CPU.Build.0 = Release|Any CPU
		{7577E501-DD46-436D-9BA5-D4E463C28DDC}.Debug|Any CPU.ActiveCfg = Debug|Any CPU
		{7577E501-DD46-436D-9BA5-D4E463C28DDC}.Debug|Any CPU.Build.0 = Debug|Any CPU
		{7577E501-DD46-436D-9BA5-D4E463C28DDC}.Release|Any CPU.ActiveCfg = Release|Any CPU
		{7577E501-DD46-436D-9BA5-D4E463C28DDC}.Release|Any CPU.Build.0 = Release|Any CPU
		{B964381D-C0EC-46EB-BB00-F8AD1BEAA798}.Debug|Any CPU.ActiveCfg = Debug|Any CPU
		{B964381D-C0EC-46EB-BB00-F8AD1BEAA798}.Debug|Any CPU.Build.0 = Debug|Any CPU
		{B964381D-C0EC-46EB-BB00-F8AD1BEAA798}.Release|Any CPU.ActiveCfg = Release|Any CPU
		{B964381D-C0EC-46EB-BB00-F8AD1BEAA798}.Release|Any CPU.Build.0 = Release|Any CPU
		{27838C76-D579-4B25-B20D-5DE256469A8D}.Debug|Any CPU.ActiveCfg = Debug|Any CPU
		{27838C76-D579-4B25-B20D-5DE256469A8D}.Debug|Any CPU.Build.0 = Debug|Any CPU
		{27838C76-D579-4B25-B20D-5DE256469A8D}.Release|Any CPU.ActiveCfg = Release|Any CPU
		{27838C76-D579-4B25-B20D-5DE256469A8D}.Release|Any CPU.Build.0 = Release|Any CPU
		{5A150939-7223-4910-AA46-923716761E31}.Debug|Any CPU.ActiveCfg = Debug|Any CPU
		{5A150939-7223-4910-AA46-923716761E31}.Debug|Any CPU.Build.0 = Debug|Any CPU
		{5A150939-7223-4910-AA46-923716761E31}.Release|Any CPU.ActiveCfg = Release|Any CPU
		{5A150939-7223-4910-AA46-923716761E31}.Release|Any CPU.Build.0 = Release|Any CPU
		{8B8F7042-C122-4A89-8F44-D70BF0521361}.Debug|Any CPU.ActiveCfg = Debug|Any CPU
		{8B8F7042-C122-4A89-8F44-D70BF0521361}.Debug|Any CPU.Build.0 = Debug|Any CPU
		{8B8F7042-C122-4A89-8F44-D70BF0521361}.Release|Any CPU.ActiveCfg = Release|Any CPU
		{8B8F7042-C122-4A89-8F44-D70BF0521361}.Release|Any CPU.Build.0 = Release|Any CPU
		{451A4B11-D721-4731-AFF5-B9E670B4B4A2}.Debug|Any CPU.ActiveCfg = Debug|Any CPU
		{451A4B11-D721-4731-AFF5-B9E670B4B4A2}.Debug|Any CPU.Build.0 = Debug|Any CPU
		{451A4B11-D721-4731-AFF5-B9E670B4B4A2}.Release|Any CPU.ActiveCfg = Release|Any CPU
		{451A4B11-D721-4731-AFF5-B9E670B4B4A2}.Release|Any CPU.Build.0 = Release|Any CPU
		{E6CD2C4B-935E-40E5-8549-437328B7CB69}.Debug|Any CPU.ActiveCfg = Debug|Any CPU
		{E6CD2C4B-935E-40E5-8549-437328B7CB69}.Debug|Any CPU.Build.0 = Debug|Any CPU
		{E6CD2C4B-935E-40E5-8549-437328B7CB69}.Release|Any CPU.ActiveCfg = Release|Any CPU
		{E6CD2C4B-935E-40E5-8549-437328B7CB69}.Release|Any CPU.Build.0 = Release|Any CPU
		{4A42945D-C3F3-496E-B684-066C7A685EB3}.Debug|Any CPU.ActiveCfg = Debug|Any CPU
		{4A42945D-C3F3-496E-B684-066C7A685EB3}.Debug|Any CPU.Build.0 = Debug|Any CPU
		{4A42945D-C3F3-496E-B684-066C7A685EB3}.Release|Any CPU.ActiveCfg = Release|Any CPU
		{4A42945D-C3F3-496E-B684-066C7A685EB3}.Release|Any CPU.Build.0 = Release|Any CPU
	EndGlobalSection
	GlobalSection(SolutionProperties) = preSolution
		HideSolutionNode = FALSE
	EndGlobalSection
	GlobalSection(NestedProjects) = preSolution
		{E6CD2C4B-935E-40E5-8549-437328B7CB69} = {A46DFE34-F032-4EA0-9EB6-C7E99004061D}
		{D09CA0D0-737E-4481-8D89-371388E70F03} = {A46DFE34-F032-4EA0-9EB6-C7E99004061D}
	EndGlobalSection
	GlobalSection(ExtensibilityGlobals) = postSolution
		SolutionGuid = {D57E4919-7909-4267-BCA2-36C956858D5E}
	EndGlobalSection
	GlobalSection(SharedMSBuildProjectFiles) = preSolution
		..\Logger\SerilogFacade\SerilogFacade.projitems*{d09ca0d0-737e-4481-8d89-371388e70f03}*SharedItemsImports = 13
		..\Logger\SerilogFacade\SerilogFacade.projitems*{e6cd2c4b-935e-40e5-8549-437328b7cb69}*SharedItemsImports = 5
	EndGlobalSection
EndGlobal
