<?xml version="1.0" encoding="utf-8"?>
<Project ToolsVersion="4.0" xmlns="http://schemas.microsoft.com/developer/msbuild/2003">
  <ItemGroup>
    <Filter Include="Source Files">
      <UniqueIdentifier>{4FC737F1-C7A5-4376-A066-2A32D752A2FF}</UniqueIdentifier>
      <Extensions>cpp;c;cc;cxx;c++;cppm;ixx;def;odl;idl;hpj;bat;asm;asmx</Extensions>
    </Filter>
    <Filter Include="Header Files">
      <UniqueIdentifier>{93995380-89BD-4b04-88EB-625FBE52EBFB}</UniqueIdentifier>
      <Extensions>h;hh;hpp;hxx;h++;hm;inl;inc;ipp;xsd</Extensions>
    </Filter>
    <Filter Include="Resource Files">
      <UniqueIdentifier>{67DA6AB6-F800-4c08-8B7A-83BB121AAD01}</UniqueIdentifier>
      <Extensions>rc;ico;cur;bmp;dlg;rc2;rct;bin;rgs;gif;jpg;jpeg;jpe;resx;tiff;tif;png;wav;mfcribbon-ms</Extensions>
    </Filter>
    <Filter Include="nlohmann">
      <UniqueIdentifier>{ff20f08b-bd58-4eb5-b451-92fc0b70055f}</UniqueIdentifier>
    </Filter>
  </ItemGroup>
  <ItemGroup>
    <ClInclude Include="framework.h">
      <Filter>Header Files</Filter>
    </ClInclude>
    <ClInclude Include="pch.h">
      <Filter>Header Files</Filter>
    </ClInclude>
    <ClInclude Include="CppFeaApiDll.h">
      <Filter>Header Files</Filter>
    </ClInclude>
    <ClInclude Include="NativeFeaApi.h">
      <Filter>Header Files</Filter>
    </ClInclude>
    <ClInclude Include="NativeFeaNode.h">
      <Filter>Header Files</Filter>
    </ClInclude>
    <ClInclude Include="NativeFeaMember.h">
      <Filter>Header Files</Filter>
    </ClInclude>
    <ClInclude Include="NativeFeaGeometry.h">
      <Filter>Header Files</Filter>
    </ClInclude>
    <ClInclude Include="NativeFeaLoads.h">
      <Filter>Header Files</Filter>
    </ClInclude>
    <ClInclude Include="NativeFeaResults.h">
      <Filter>Header Files</Filter>
    </ClInclude>
    <ClInclude Include="NativeFeaLoadCase.h">
      <Filter>Header Files</Filter>
    </ClInclude>
    <ClInclude Include="NativeFeaLoadGroup.h">
      <Filter>Header Files</Filter>
    </ClInclude>
    <ClInclude Include="NativeFeaLoadCombination.h">
      <Filter>Header Files</Filter>
    </ClInclude>
    <ClInclude Include="NativeFeaMemberResult.h">
      <Filter>Header Files</Filter>
    </ClInclude>
    <ClInclude Include="NativeFeaCombiFactor.h">
      <Filter>Header Files</Filter>
    </ClInclude>
    <ClInclude Include="json.hpp">
      <Filter>nlohmann</Filter>
    </ClInclude>
  </ItemGroup>
  <ItemGroup>
    <ClCompile Include="dllmain.cpp">
      <Filter>Source Files</Filter>
    </ClCompile>
    <ClCompile Include="pch.cpp">
      <Filter>Source Files</Filter>
    </ClCompile>
    <ClCompile Include="NativeFeaApi.cpp">
      <Filter>Source Files</Filter>
    </ClCompile>
    <ClCompile Include="NativeFeaNode.cpp">
      <Filter>Source Files</Filter>
    </ClCompile>
    <ClCompile Include="NativeFeaMember.cpp">
      <Filter>Source Files</Filter>
    </ClCompile>
    <ClCompile Include="NativeFeaGeometry.cpp">
      <Filter>Source Files</Filter>
    </ClCompile>
    <ClCompile Include="NativeFeaLoads.cpp">
      <Filter>Source Files</Filter>
    </ClCompile>
    <ClCompile Include="NativeFeaResults.cpp">
      <Filter>Source Files</Filter>
    </ClCompile>
    <ClCompile Include="NativeFeaLoadCase.cpp">
      <Filter>Source Files</Filter>
    </ClCompile>
    <ClCompile Include="NativeFeaLoadGroup.cpp">
      <Filter>Source Files</Filter>
    </ClCompile>
    <ClCompile Include="NativeFeaLoadCombination.cpp">
      <Filter>Source Files</Filter>
    </ClCompile>
    <ClCompile Include="NativeFeaMemberResult.cpp">
      <Filter>Source Files</Filter>
    </ClCompile>
    <ClCompile Include="NativeFeaCombiFactor.cpp">
      <Filter>Source Files</Filter>
    </ClCompile>
  </ItemGroup>
  <ItemGroup>
    <None Include="ResultsData.json" />
  </ItemGroup>
</Project>