
Microsoft Visual Studio Solution File, Format Version 12.00
# Visual Studio Version 17
VisualStudioVersion = 17.11.35431.28
MinimumVisualStudioVersion = 10.0.40219.1
Project("{9A19103F-16F7-4668-BE54-9A1E7A4F7556}") = "IdeaRS.OpenModel", "..\..\..\..\IdeaRS.OpenModel\IdeaRS.OpenModel.csproj", "{3FCBC97A-C61E-4C02-8ACB-11FA95338A17}"
EndProject
Project("{9A19103F-16F7-4668-BE54-9A1E7A4F7556}") = "IdeaStatiCa.Api", "..\..\..\..\IdeaStatiCa.Api\IdeaStatiCa.Api.csproj", "{987F30B6-6263-47FD-933B-0E821B0E867F}"
EndProject
Project("{9A19103F-16F7-4668-BE54-9A1E7A4F7556}") = "IdeaStatiCa.Public", "..\..\..\..\IdeaStatiCa.Public\IdeaStatiCa.Public.csproj", "{BE19A217-A173-418B-B84C-CCC6BDC89465}"
EndProject
Project("{9A19103F-16F7-4668-BE54-9A1E7A4F7556}") = "IdeaStatiCa.RcsApi", "src\IdeaStatiCa.RcsApi\IdeaStatiCa.RcsApi.csproj", "{8CDA38EF-4DC4-4DB5-A77D-B1576A8B6916}"
EndProject
Project("{9A19103F-16F7-4668-BE54-9A1E7A4F7556}") = "ST_RcsRestApiClient", "src\tests\ST_RcsRestApiClient\ST_RcsRestApiClient.csproj", "{DEA20763-35AC-460C-847B-83DCFB46FAF8}"
EndProject
Global
	GlobalSection(SolutionConfigurationPlatforms) = preSolution
		Debug|Any CPU = Debug|Any CPU
		Release|Any CPU = Release|Any CPU
	EndGlobalSection
	GlobalSection(ProjectConfigurationPlatforms) = postSolution
		{3FCBC97A-C61E-4C02-8ACB-11FA95338A17}.Debug|Any CPU.ActiveCfg = Debug|Any CPU
		{3FCBC97A-C61E-4C02-8ACB-11FA95338A17}.Debug|Any CPU.Build.0 = Debug|Any CPU
		{3FCBC97A-C61E-4C02-8ACB-11FA95338A17}.Release|Any CPU.ActiveCfg = Release|Any CPU
		{3FCBC97A-C61E-4C02-8ACB-11FA95338A17}.Release|Any CPU.Build.0 = Release|Any CPU
		{987F30B6-6263-47FD-933B-0E821B0E867F}.Debug|Any CPU.ActiveCfg = Debug|Any CPU
		{987F30B6-6263-47FD-933B-0E821B0E867F}.Debug|Any CPU.Build.0 = Debug|Any CPU
		{987F30B6-6263-47FD-933B-0E821B0E867F}.Release|Any CPU.ActiveCfg = Release|Any CPU
		{987F30B6-6263-47FD-933B-0E821B0E867F}.Release|Any CPU.Build.0 = Release|Any CPU
		{BE19A217-A173-418B-B84C-CCC6BDC89465}.Debug|Any CPU.ActiveCfg = Debug|Any CPU
		{BE19A217-A173-418B-B84C-CCC6BDC89465}.Debug|Any CPU.Build.0 = Debug|Any CPU
		{BE19A217-A173-418B-B84C-CCC6BDC89465}.Release|Any CPU.ActiveCfg = Release|Any CPU
		{BE19A217-A173-418B-B84C-CCC6BDC89465}.Release|Any CPU.Build.0 = Release|Any CPU
		{8CDA38EF-4DC4-4DB5-A77D-B1576A8B6916}.Debug|Any CPU.ActiveCfg = Debug|Any CPU
		{8CDA38EF-4DC4-4DB5-A77D-B1576A8B6916}.Debug|Any CPU.Build.0 = Debug|Any CPU
		{8CDA38EF-4DC4-4DB5-A77D-B1576A8B6916}.Release|Any CPU.ActiveCfg = Release|Any CPU
		{8CDA38EF-4DC4-4DB5-A77D-B1576A8B6916}.Release|Any CPU.Build.0 = Release|Any CPU
		{DEA20763-35AC-460C-847B-83DCFB46FAF8}.Debug|Any CPU.ActiveCfg = Debug|Any CPU
		{DEA20763-35AC-460C-847B-83DCFB46FAF8}.Debug|Any CPU.Build.0 = Debug|Any CPU
		{DEA20763-35AC-460C-847B-83DCFB46FAF8}.Release|Any CPU.ActiveCfg = Release|Any CPU
		{DEA20763-35AC-460C-847B-83DCFB46FAF8}.Release|Any CPU.Build.0 = Release|Any CPU
	EndGlobalSection
	GlobalSection(SolutionProperties) = preSolution
		HideSolutionNode = FALSE
	EndGlobalSection
	GlobalSection(ExtensibilityGlobals) = postSolution
		SolutionGuid = {2DDB5B6A-EF3D-4E4A-9681-ADC50A8C65F1}
	EndGlobalSection
EndGlobal
