
Microsoft Visual Studio Solution File, Format Version 12.00
# Visual Studio Version 17
VisualStudioVersion = 17.0.31903.59
MinimumVisualStudioVersion = 10.0.40219.1
Project("{8BC9CEB8-8B4A-11D0-8D11-00A0C91BC942}") = "CppFeaApp", "CppSafFeaExample\CppFeaApp\CppFeaApp.vcxproj", "{0B26F988-5B17-478D-8FDB-4C9A0A201EFB}"
EndProject
Project("{9A19103F-16F7-4668-BE54-9A1E7A4F7556}") = "CopyToOutputApp", "CppSafFeaExample\CopyToOutputApp\CopyToOutputApp.csproj", "{349D8AC7-5560-4340-BE3A-35A46990A632}"
EndProject
Project("{8BC9CEB8-8B4A-11D0-8D11-00A0C91BC942}") = "CheckbotClient", "CppSafFeaExample\CheckbotClient\CheckbotClient.vcxproj", "{5794D7F5-C9BB-428B-A070-056717BBB58B}"
EndProject
Project("{8BC9CEB8-8B4A-11D0-8D11-00A0C91BC942}") = "SafProvider", "CppSafFeaExample\SafProvider\SafProvider.vcxproj", "{EC43C2B9-143E-4DDA-8B27-F52046F7564E}"
EndProject
Project("{9A19103F-16F7-4668-BE54-9A1E7A4F7556}") = "SafFeaBimLink", "SafFeaBimLink\SafFeaBimLink.csproj", "{8FA2C23B-C8EC-46E9-941B-15B85CE5FBC7}"
EndProject
Global
	GlobalSection(SolutionConfigurationPlatforms) = preSolution
		Debug|Any CPU = Debug|Any CPU
		Debug|x64 = Debug|x64
		Release|Any CPU = Release|Any CPU
		Release|x64 = Release|x64
	EndGlobalSection
	GlobalSection(ProjectConfigurationPlatforms) = postSolution
		{0B26F988-5B17-478D-8FDB-4C9A0A201EFB}.Debug|Any CPU.ActiveCfg = Debug|x64
		{0B26F988-5B17-478D-8FDB-4C9A0A201EFB}.Debug|Any CPU.Build.0 = Debug|x64
		{0B26F988-5B17-478D-8FDB-4C9A0A201EFB}.Debug|x64.ActiveCfg = Debug|x64
		{0B26F988-5B17-478D-8FDB-4C9A0A201EFB}.Debug|x64.Build.0 = Debug|x64
		{0B26F988-5B17-478D-8FDB-4C9A0A201EFB}.Release|Any CPU.ActiveCfg = Release|x64
		{0B26F988-5B17-478D-8FDB-4C9A0A201EFB}.Release|Any CPU.Build.0 = Release|x64
		{0B26F988-5B17-478D-8FDB-4C9A0A201EFB}.Release|x64.ActiveCfg = Release|x64
		{0B26F988-5B17-478D-8FDB-4C9A0A201EFB}.Release|x64.Build.0 = Release|x64
		{349D8AC7-5560-4340-BE3A-35A46990A632}.Debug|Any CPU.ActiveCfg = Debug|x64
		{349D8AC7-5560-4340-BE3A-35A46990A632}.Debug|Any CPU.Build.0 = Debug|x64
		{349D8AC7-5560-4340-BE3A-35A46990A632}.Debug|x64.ActiveCfg = Debug|x64
		{349D8AC7-5560-4340-BE3A-35A46990A632}.Debug|x64.Build.0 = Debug|x64
		{349D8AC7-5560-4340-BE3A-35A46990A632}.Release|Any CPU.ActiveCfg = Release|x64
		{349D8AC7-5560-4340-BE3A-35A46990A632}.Release|Any CPU.Build.0 = Release|x64
		{349D8AC7-5560-4340-BE3A-35A46990A632}.Release|x64.ActiveCfg = Release|x64
		{349D8AC7-5560-4340-BE3A-35A46990A632}.Release|x64.Build.0 = Release|x64
		{5794D7F5-C9BB-428B-A070-056717BBB58B}.Debug|Any CPU.ActiveCfg = Debug|x64
		{5794D7F5-C9BB-428B-A070-056717BBB58B}.Debug|Any CPU.Build.0 = Debug|x64
		{5794D7F5-C9BB-428B-A070-056717BBB58B}.Debug|x64.ActiveCfg = Debug|x64
		{5794D7F5-C9BB-428B-A070-056717BBB58B}.Debug|x64.Build.0 = Debug|x64
		{5794D7F5-C9BB-428B-A070-056717BBB58B}.Release|Any CPU.ActiveCfg = Release|x64
		{5794D7F5-C9BB-428B-A070-056717BBB58B}.Release|Any CPU.Build.0 = Release|x64
		{5794D7F5-C9BB-428B-A070-056717BBB58B}.Release|x64.ActiveCfg = Release|x64
		{5794D7F5-C9BB-428B-A070-056717BBB58B}.Release|x64.Build.0 = Release|x64
		{EC43C2B9-143E-4DDA-8B27-F52046F7564E}.Debug|Any CPU.ActiveCfg = Debug|x64
		{EC43C2B9-143E-4DDA-8B27-F52046F7564E}.Debug|Any CPU.Build.0 = Debug|x64
		{EC43C2B9-143E-4DDA-8B27-F52046F7564E}.Debug|x64.ActiveCfg = Debug|x64
		{EC43C2B9-143E-4DDA-8B27-F52046F7564E}.Debug|x64.Build.0 = Debug|x64
		{EC43C2B9-143E-4DDA-8B27-F52046F7564E}.Release|Any CPU.ActiveCfg = Release|x64
		{EC43C2B9-143E-4DDA-8B27-F52046F7564E}.Release|Any CPU.Build.0 = Release|x64
		{EC43C2B9-143E-4DDA-8B27-F52046F7564E}.Release|x64.ActiveCfg = Release|x64
		{EC43C2B9-143E-4DDA-8B27-F52046F7564E}.Release|x64.Build.0 = Release|x64
		{8FA2C23B-C8EC-46E9-941B-15B85CE5FBC7}.Debug|Any CPU.ActiveCfg = Debug|Any CPU
		{8FA2C23B-C8EC-46E9-941B-15B85CE5FBC7}.Debug|Any CPU.Build.0 = Debug|Any CPU
		{8FA2C23B-C8EC-46E9-941B-15B85CE5FBC7}.Debug|x64.ActiveCfg = Debug|Any CPU
		{8FA2C23B-C8EC-46E9-941B-15B85CE5FBC7}.Debug|x64.Build.0 = Debug|Any CPU
		{8FA2C23B-C8EC-46E9-941B-15B85CE5FBC7}.Release|Any CPU.ActiveCfg = Release|Any CPU
		{8FA2C23B-C8EC-46E9-941B-15B85CE5FBC7}.Release|Any CPU.Build.0 = Release|Any CPU
		{8FA2C23B-C8EC-46E9-941B-15B85CE5FBC7}.Release|x64.ActiveCfg = Release|Any CPU
		{8FA2C23B-C8EC-46E9-941B-15B85CE5FBC7}.Release|x64.Build.0 = Release|Any CPU
	EndGlobalSection
	GlobalSection(SolutionProperties) = preSolution
		HideSolutionNode = FALSE
	EndGlobalSection
	GlobalSection(ExtensibilityGlobals) = postSolution
		SolutionGuid = {EFC3745B-BF8B-427E-A4E8-E931AEFD7C30}
	EndGlobalSection
EndGlobal
