
Microsoft Visual Studio Solution File, Format Version 12.00
# Visual Studio Version 17
VisualStudioVersion = 17.0.32112.339
MinimumVisualStudioVersion = 10.0.40219.1
Project("{9A19103F-16F7-4668-BE54-9A1E7A4F7556}") = "SAF2IOM", "SAF2IOM.csproj", "{4421EA28-16AC-4F42-A1DD-B80F55BA6006}"
EndProject
Global
	GlobalSection(SolutionConfigurationPlatforms) = preSolution
		Debug|Any CPU = Debug|Any CPU
		Release|Any CPU = Release|Any CPU
	EndGlobalSection
	GlobalSection(ProjectConfigurationPlatforms) = postSolution
		{4421EA28-16AC-4F42-A1DD-B80F55BA6006}.Debug|Any CPU.ActiveCfg = Debug|x64
		{4421EA28-16AC-4F42-A1DD-B80F55BA6006}.Debug|Any CPU.Build.0 = Debug|x64
		{4421EA28-16AC-4F42-A1DD-B80F55BA6006}.Release|Any CPU.ActiveCfg = Release|Any CPU
		{4421EA28-16AC-4F42-A1DD-B80F55BA6006}.Release|Any CPU.Build.0 = Release|Any CPU
	EndGlobalSection
	GlobalSection(SolutionProperties) = preSolution
		HideSolutionNode = FALSE
	EndGlobalSection
	GlobalSection(ExtensibilityGlobals) = postSolution
		SolutionGuid = {BC1BB6C3-9600-4DDC-AA2A-5B2EDFE549F1}
	EndGlobalSection
EndGlobal
