
Microsoft Visual Studio Solution File, Format Version 12.00
# Visual Studio Version 17
VisualStudioVersion = 17.0.32112.339
MinimumVisualStudioVersion = 10.0.40219.1
Project("{9A19103F-16F7-4668-BE54-9A1E7A4F7556}") = "SAF2IOM", "SAF2IOM.csproj", "{4421EA28-16AC-4F42-A1DD-B80F55BA6006}"
EndProject
Project("{9A19103F-16F7-4668-BE54-9A1E7A4F7556}") = "IdeaStatiCa.PluginLogger", "..\..\Logger\IdeaStatiCa.PluginLogger\IdeaStatiCa.PluginLogger.csproj", "{886449BA-22A0-469C-8E90-EA6E60FA15B6}"
EndProject
Project("{D954291E-2A0B-460D-934E-DC6B0785DB48}") = "SerilogFacade", "..\..\Logger\SerilogFacade\SerilogFacade.shproj", "{D09CA0D0-737E-4481-8D89-371388E70F03}"
EndProject
Global
	GlobalSection(SharedMSBuildProjectFiles) = preSolution
		..\..\Logger\SerilogFacade\SerilogFacade.projitems*{886449ba-22a0-469c-8e90-ea6e60fa15b6}*SharedItemsImports = 5
		..\..\Logger\SerilogFacade\SerilogFacade.projitems*{d09ca0d0-737e-4481-8d89-371388e70f03}*SharedItemsImports = 13
	EndGlobalSection
	GlobalSection(SolutionConfigurationPlatforms) = preSolution
		Debug|Any CPU = Debug|Any CPU
		Release|Any CPU = Release|Any CPU
	EndGlobalSection
	GlobalSection(ProjectConfigurationPlatforms) = postSolution
		{4421EA28-16AC-4F42-A1DD-B80F55BA6006}.Debug|Any CPU.ActiveCfg = Debug|x64
		{4421EA28-16AC-4F42-A1DD-B80F55BA6006}.Debug|Any CPU.Build.0 = Debug|x64
		{4421EA28-16AC-4F42-A1DD-B80F55BA6006}.Release|Any CPU.ActiveCfg = Release|x64
		{4421EA28-16AC-4F42-A1DD-B80F55BA6006}.Release|Any CPU.Build.0 = Release|x64
		{886449BA-22A0-469C-8E90-EA6E60FA15B6}.Debug|Any CPU.ActiveCfg = Debug|Any CPU
		{886449BA-22A0-469C-8E90-EA6E60FA15B6}.Debug|Any CPU.Build.0 = Debug|Any CPU
		{886449BA-22A0-469C-8E90-EA6E60FA15B6}.Release|Any CPU.ActiveCfg = Release|Any CPU
		{886449BA-22A0-469C-8E90-EA6E60FA15B6}.Release|Any CPU.Build.0 = Release|Any CPU
	EndGlobalSection
	GlobalSection(SolutionProperties) = preSolution
		HideSolutionNode = FALSE
	EndGlobalSection
	GlobalSection(ExtensibilityGlobals) = postSolution
		SolutionGuid = {BC1BB6C3-9600-4DDC-AA2A-5B2EDFE549F1}
	EndGlobalSection
EndGlobal
