Microsoft Visual Studio Solution File, Format Version 12.00
# Visual Studio Version 17
VisualStudioVersion = 17.10.35201.131
MinimumVisualStudioVersion = 10.0.40219.1
Project("{9A19103F-16F7-4668-BE54-9A1E7A4F7556}") = "ST_ConRestApiClient", "src\tests\ST_ConRestApiClient\ST_ConRestApiClient.csproj", "{AA8350ED-2508-465B-A62B-1CCCAE3A0774}"
EndProject
Project("{9A19103F-16F7-4668-BE54-9A1E7A4F7556}") = "IdeaStatiCa.ConnectionApi", "src\IdeaStatiCa.ConnectionApi\IdeaStatiCa.ConnectionApi.csproj", "{8101DA9E-2A0D-4941-853D-BB0DEFDB47A8}"
EndProject
Project("{9A19103F-16F7-4668-BE54-9A1E7A4F7556}") = "IdeaRS.OpenModel", "..\..\..\..\IdeaRS.OpenModel\IdeaRS.OpenModel.csproj", "{829D0D4A-2FAD-4133-8C3C-A79F997A45EA}"
EndProject
Project("{9A19103F-16F7-4668-BE54-9A1E7A4F7556}") = "IdeaStatiCa.Api", "..\..\..\..\IdeaStatiCa.Api\IdeaStatiCa.Api.csproj", "{8D171684-FBDA-42BE-80D0-E02E722594A3}"
EndProject
Project("{9A19103F-16F7-4668-BE54-9A1E7A4F7556}") = "IdeaStatiCa.Public", "..\..\..\..\IdeaStatiCa.Public\IdeaStatiCa.Public.csproj", "{E3137DA1-5F8D-41F4-BDE8-36D5AF8CB77D}"
EndProject
Project("{2150E333-8FDC-42A3-9474-1A3956D46DE8}") = "Examples", "Examples", "{481712C4-F540-4515-AB64-52D4DE45211D}"
EndProject
Project("{FAE04EC0-301F-11D3-BF4B-00C04F79EFBC}") = "CodeSamples", "examples\CodeSamples\CodeSamples.csproj", "{951C69AC-6A9A-4C61-B05C-0AC57DC9AC6E}"
EndProject
Global
	GlobalSection(SolutionConfigurationPlatforms) = preSolution
		Debug|Any CPU = Debug|Any CPU
		Release|Any CPU = Release|Any CPU
	EndGlobalSection
	GlobalSection(ProjectConfigurationPlatforms) = postSolution
		{AA8350ED-2508-465B-A62B-1CCCAE3A0774}.Debug|Any CPU.ActiveCfg = Debug|Any CPU
		{AA8350ED-2508-465B-A62B-1CCCAE3A0774}.Debug|Any CPU.Build.0 = Debug|Any CPU
		{AA8350ED-2508-465B-A62B-1CCCAE3A0774}.Release|Any CPU.ActiveCfg = Release|Any CPU
		{AA8350ED-2508-465B-A62B-1CCCAE3A0774}.Release|Any CPU.Build.0 = Release|Any CPU
		{8101DA9E-2A0D-4941-853D-BB0DEFDB47A8}.Debug|Any CPU.ActiveCfg = Debug|Any CPU
		{8101DA9E-2A0D-4941-853D-BB0DEFDB47A8}.Debug|Any CPU.Build.0 = Debug|Any CPU
		{8101DA9E-2A0D-4941-853D-BB0DEFDB47A8}.Release|Any CPU.ActiveCfg = Release|Any CPU
		{8101DA9E-2A0D-4941-853D-BB0DEFDB47A8}.Release|Any CPU.Build.0 = Release|Any CPU
		{829D0D4A-2FAD-4133-8C3C-A79F997A45EA}.Debug|Any CPU.ActiveCfg = Debug|Any CPU
		{829D0D4A-2FAD-4133-8C3C-A79F997A45EA}.Debug|Any CPU.Build.0 = Debug|Any CPU
		{829D0D4A-2FAD-4133-8C3C-A79F997A45EA}.Release|Any CPU.ActiveCfg = Release|Any CPU
		{829D0D4A-2FAD-4133-8C3C-A79F997A45EA}.Release|Any CPU.Build.0 = Release|Any CPU
		{8D171684-FBDA-42BE-80D0-E02E722594A3}.Debug|Any CPU.ActiveCfg = Debug|Any CPU
		{8D171684-FBDA-42BE-80D0-E02E722594A3}.Debug|Any CPU.Build.0 = Debug|Any CPU
		{8D171684-FBDA-42BE-80D0-E02E722594A3}.Release|Any CPU.ActiveCfg = Release|Any CPU
		{8D171684-FBDA-42BE-80D0-E02E722594A3}.Release|Any CPU.Build.0 = Release|Any CPU
		{E3137DA1-5F8D-41F4-BDE8-36D5AF8CB77D}.Debug|Any CPU.ActiveCfg = Debug|Any CPU
		{E3137DA1-5F8D-41F4-BDE8-36D5AF8CB77D}.Debug|Any CPU.Build.0 = Debug|Any CPU
		{E3137DA1-5F8D-41F4-BDE8-36D5AF8CB77D}.Release|Any CPU.ActiveCfg = Release|Any CPU
		{E3137DA1-5F8D-41F4-BDE8-36D5AF8CB77D}.Release|Any CPU.Build.0 = Release|Any CPU
		{951C69AC-6A9A-4C61-B05C-0AC57DC9AC6E}.Debug|Any CPU.ActiveCfg = Debug|Any CPU
		{951C69AC-6A9A-4C61-B05C-0AC57DC9AC6E}.Debug|Any CPU.Build.0 = Debug|Any CPU
		{951C69AC-6A9A-4C61-B05C-0AC57DC9AC6E}.Release|Any CPU.ActiveCfg = Release|Any CPU
		{951C69AC-6A9A-4C61-B05C-0AC57DC9AC6E}.Release|Any CPU.Build.0 = Release|Any CPU
	EndGlobalSection
	GlobalSection(SolutionProperties) = preSolution
		HideSolutionNode = FALSE
	EndGlobalSection
	GlobalSection(NestedProjects) = preSolution
		{951C69AC-6A9A-4C61-B05C-0AC57DC9AC6E} = {481712C4-F540-4515-AB64-52D4DE45211D}
	EndGlobalSection
	GlobalSection(ExtensibilityGlobals) = postSolution
		SolutionGuid = {588E6FA7-5005-43C1-9114-75ACD2D45D4D}
	EndGlobalSection
EndGlobal
