<?xml version="1.0" encoding="utf-8"?>
<Project ToolsVersion="4.0" xmlns="http://schemas.microsoft.com/developer/msbuild/2003">
  <ItemGroup>
    <Filter Include="Source Files">
      <UniqueIdentifier>{4FC737F1-C7A5-4376-A066-2A32D752A2FF}</UniqueIdentifier>
      <Extensions>cpp;c;cc;cxx;c++;cppm;ixx;def;odl;idl;hpj;bat;asm;asmx</Extensions>
    </Filter>
    <Filter Include="Header Files">
      <UniqueIdentifier>{93995380-89BD-4b04-88EB-625FBE52EBFB}</UniqueIdentifier>
      <Extensions>h;hh;hpp;hxx;h++;hm;inl;inc;ipp;xsd</Extensions>
    </Filter>
    <Filter Include="Resource Files">
      <UniqueIdentifier>{67DA6AB6-F800-4c08-8B7A-83BB121AAD01}</UniqueIdentifier>
      <Extensions>rc;ico;cur;bmp;dlg;rc2;rct;bin;rgs;gif;jpg;jpeg;jpe;resx;tiff;tif;png;wav;mfcribbon-ms</Extensions>
    </Filter>
    <Filter Include="BimApi">
      <UniqueIdentifier>{41632400-c4e2-4c3d-bec3-fd83e6af8e0a}</UniqueIdentifier>
    </Filter>
    <Filter Include="Importers">
      <UniqueIdentifier>{aed00560-e3bd-4b71-9b9c-55d89ad6b298}</UniqueIdentifier>
    </Filter>
    <Filter Include="CheckbotController">
      <UniqueIdentifier>{7d064920-3b32-4d89-b36c-beb8c6e94476}</UniqueIdentifier>
    </Filter>
    <Filter Include="Model">
      <UniqueIdentifier>{5ed99e9d-09a0-4fcd-aed5-3c358fe0fa44}</UniqueIdentifier>
    </Filter>
  </ItemGroup>
  <ItemGroup>
    <ClInclude Include="framework.h">
      <Filter>Header Files</Filter>
    </ClInclude>
    <ClInclude Include="pch.h">
      <Filter>Header Files</Filter>
    </ClInclude>
    <ClInclude Include="CheckBotControlFunctions.h">
      <Filter>CheckbotController</Filter>
    </ClInclude>
    <ClInclude Include="CheckbotController.h">
      <Filter>CheckbotController</Filter>
    </ClInclude>
    <ClInclude Include="ImporterContext.h">
      <Filter>CheckbotController</Filter>
    </ClInclude>
    <ClInclude Include="Model.h">
      <Filter>Model</Filter>
    </ClInclude>
    <ClInclude Include="CheckbotClientDll.h">
      <Filter>Header Files</Filter>
    </ClInclude>
    <ClInclude Include="NativeFeaAppGateway.h">
      <Filter>Header Files</Filter>
    </ClInclude>
  </ItemGroup>
  <ItemGroup>
    <ClCompile Include="pch.cpp">
      <Filter>Source Files</Filter>
    </ClCompile>
    <ClCompile Include="CheckbotController.cpp">
      <Filter>CheckbotController</Filter>
    </ClCompile>
    <ClCompile Include="ImporterContext.cpp">
      <Filter>CheckbotController</Filter>
    </ClCompile>
    <ClCompile Include="Model.cpp">
      <Filter>Model</Filter>
    </ClCompile>
    <ClCompile Include="NativeFeaAppGateway.cpp">
      <Filter>Source Files</Filter>
    </ClCompile>
  </ItemGroup>
</Project>