
Microsoft Visual Studio Solution File, Format Version 12.00
# Visual Studio Version 17
VisualStudioVersion = 17.6.33801.468
MinimumVisualStudioVersion = 10.0.40219.1
Project("{2150E333-8FDC-42A3-9474-1A3956D46DE8}") = "IOM", "IOM", "{464D1A19-FD4D-4060-B89B-18B471A1609B}"
EndProject
Project("{2150E333-8FDC-42A3-9474-1A3956D46DE8}") = "API", "API", "{5120DA5C-189C-426F-BBCD-E6C25537583E}"
EndProject
Project("{2150E333-8FDC-42A3-9474-1A3956D46DE8}") = "BIMAPI", "BIMAPI", "{E7FE4B01-F9AB-44D8-99F6-47BA12E46DE5}"
EndProject
Project("{2150E333-8FDC-42A3-9474-1A3956D46DE8}") = "EXTENSIONS", "EXTENSIONS", "{94EA3806-C3DF-4F85-BD54-D28CA9407062}"
EndProject
Project("{2150E333-8FDC-42A3-9474-1A3956D46DE8}") = "GeneratorExample", "GeneratorExample", "{9756E859-52D8-4270-9456-4CD495E001DB}"
EndProject
Project("{9A19103F-16F7-4668-BE54-9A1E7A4F7556}") = "IOM.GeneratorExample", "iom\IOM\IOM.GeneratorExample\IOM.GeneratorExample.csproj", "{8B5CEAF9-0553-4156-ABFA-B8A27E251514}"
EndProject
Project("{9A19103F-16F7-4668-BE54-9A1E7A4F7556}") = "IOM.SteelFrameDesktop", "iom\IOM\IOM.SteelFrameDesktop\IOM.SteelFrameDesktop.csproj", "{AB4430E2-EAA3-4DE0-92C8-3298BB7A81C3}"
EndProject
Project("{9A19103F-16F7-4668-BE54-9A1E7A4F7556}") = "IOM.SteelFrameWeb", "iom\IOM\IOM.SteelFrameWeb\IOM.SteelFrameWeb.csproj", "{DA9CE85E-7B4D-408B-9116-53A5918CAD1A}"
EndProject
Project("{2150E333-8FDC-42A3-9474-1A3956D46DE8}") = "CheckbotBimLink", "CheckbotBimLink", "{5085985F-9DE5-4A14-B045-FFF20DD0E441}"
EndProject
Project("{9A19103F-16F7-4668-BE54-9A1E7A4F7556}") = "BimLinkExampleRunner", "bimapi\CheckbotBimLink\BimLinkExampleRunner\BimLinkExampleRunner.csproj", "{669835E3-E2A5-48E5-8CF4-752370CB7051}"
EndProject
Project("{2150E333-8FDC-42A3-9474-1A3956D46DE8}") = "CadExample", "CadExample", "{B3D5F771-005A-4053-B73C-632D305483DC}"
EndProject
Project("{2150E333-8FDC-42A3-9474-1A3956D46DE8}") = "FeaExample", "FeaExample", "{74B3B6E5-56DD-42DD-AEC2-D5A40FEFD248}"
EndProject
Project("{9A19103F-16F7-4668-BE54-9A1E7A4F7556}") = "BimApiLinkCadExample", "bimapi\CheckbotBimLink\CadExample\BimApiLinkCadExample\BimApiLinkCadExample.csproj", "{71D17DAE-228B-4E6F-BDC6-35AB7830F741}"
EndProject
Project("{9A19103F-16F7-4668-BE54-9A1E7A4F7556}") = "CadExampleApi", "bimapi\CheckbotBimLink\CadExample\CadExampleApi\CadExampleApi.csproj", "{27989B5D-1C78-4C16-BE8D-CCE4304ECB8E}"
EndProject
Project("{9A19103F-16F7-4668-BE54-9A1E7A4F7556}") = "BimApiLinkFeaExample", "bimapi\CheckbotBimLink\FeaExample\BimApiLinkFeaExample\BimApiLinkFeaExample.csproj", "{0D82E903-A13D-4250-B825-D1BA58CB1F64}"
EndProject
Project("{9A19103F-16F7-4668-BE54-9A1E7A4F7556}") = "FeaExampleApi", "bimapi\CheckbotBimLink\FeaExample\FeaExampleApi\FeaExampleApi.csproj", "{71A5C439-028A-422B-8149-23CFE1FDE1EE}"
EndProject
Project("{2150E333-8FDC-42A3-9474-1A3956D46DE8}") = "Connection", "Connection", "{01687E5E-8F85-4EF8-8368-FFA5AF7CB9C0}"
EndProject
Project("{2150E333-8FDC-42A3-9474-1A3956D46DE8}") = "Connection-API-WinForm-Tester", "Connection-API-WinForm-Tester", "{6EA22384-7139-453C-B189-3F470DF86FB1}"
EndProject
Project("{2150E333-8FDC-42A3-9474-1A3956D46DE8}") = "Connection-API-Console-Tester", "Connection-API-Console-Tester", "{C3DCAA50-94F3-4BC4-B47D-629D0D8FBFB5}"
EndProject
Project("{9A19103F-16F7-4668-BE54-9A1E7A4F7556}") = "ConHiddenCheckConsole", "api\csharp\connection\Connection-API-Console-Tester\ConHiddenCheckConsole\ConHiddenCheckConsole.csproj", "{74E73119-B9F3-42F3-9E13-52850F623CD7}"
EndProject
Project("{9A19103F-16F7-4668-BE54-9A1E7A4F7556}") = "ConnectionHiddenCalculation", "api\csharp\connection\Connection-API-WinForm-Tester\ConnectionHiddenCalculation\ConnectionHiddenCalculation.csproj", "{AB633A6C-8771-48CE-A7C4-4886241FAD47}"
EndProject
Project("{9A19103F-16F7-4668-BE54-9A1E7A4F7556}") = "ConnectionAutomationApp", "api\csharp\connection\Connection-API-WinForm-Tester\ConnectionAutomationApp\ConnectionAutomationApp.csproj", "{389E974B-81C4-43B9-B1CA-764BBC28347E}"
EndProject
Project("{9A19103F-16F7-4668-BE54-9A1E7A4F7556}") = "IdeaStatiCa.ConnectionClient", "api\csharp\connection\Connection-API-WinForm-Tester\IdeaStatiCa.ConnectionClient\IdeaStatiCa.ConnectionClient.csproj", "{2ED8A507-A25F-4C80-A6B8-887BF787BE28}"
EndProject
Project("{2150E333-8FDC-42A3-9474-1A3956D46DE8}") = "SAF2IOM-Winform-Tester", "SAF2IOM-Winform-Tester", "{B5EA9F7A-27EC-4FD6-BF76-BB3F7ABB734A}"
EndProject
Project("{9A19103F-16F7-4668-BE54-9A1E7A4F7556}") = "SAF2IOM", "bimapi\SAF2IOM-WinForm-Tester\SAF2IOM\SAF2IOM.csproj", "{A8EC2C91-8C03-4B0B-93CC-AF36AD1CCDBC}"
EndProject
Global
	GlobalSection(SolutionConfigurationPlatforms) = preSolution
		Debug|Any CPU = Debug|Any CPU
		Release|Any CPU = Release|Any CPU
	EndGlobalSection
	GlobalSection(ProjectConfigurationPlatforms) = postSolution
		{8B5CEAF9-0553-4156-ABFA-B8A27E251514}.Debug|Any CPU.ActiveCfg = Release_NuGet|Any CPU
		{8B5CEAF9-0553-4156-ABFA-B8A27E251514}.Debug|Any CPU.Build.0 = Release_NuGet|Any CPU
		{8B5CEAF9-0553-4156-ABFA-B8A27E251514}.Release|Any CPU.ActiveCfg = Release|Any CPU
		{8B5CEAF9-0553-4156-ABFA-B8A27E251514}.Release|Any CPU.Build.0 = Release|Any CPU
		{AB4430E2-EAA3-4DE0-92C8-3298BB7A81C3}.Debug|Any CPU.ActiveCfg = Release_NuGet|Any CPU
		{AB4430E2-EAA3-4DE0-92C8-3298BB7A81C3}.Debug|Any CPU.Build.0 = Release_NuGet|Any CPU
		{AB4430E2-EAA3-4DE0-92C8-3298BB7A81C3}.Release|Any CPU.ActiveCfg = Release|Any CPU
		{AB4430E2-EAA3-4DE0-92C8-3298BB7A81C3}.Release|Any CPU.Build.0 = Release|Any CPU
		{DA9CE85E-7B4D-408B-9116-53A5918CAD1A}.Debug|Any CPU.ActiveCfg = Release_NuGet|Any CPU
		{DA9CE85E-7B4D-408B-9116-53A5918CAD1A}.Debug|Any CPU.Build.0 = Release_NuGet|Any CPU
		{DA9CE85E-7B4D-408B-9116-53A5918CAD1A}.Release|Any CPU.ActiveCfg = Release|Any CPU
		{DA9CE85E-7B4D-408B-9116-53A5918CAD1A}.Release|Any CPU.Build.0 = Release|Any CPU
		{669835E3-E2A5-48E5-8CF4-752370CB7051}.Debug|Any CPU.ActiveCfg = Release_NuGet|Any CPU
		{669835E3-E2A5-48E5-8CF4-752370CB7051}.Debug|Any CPU.Build.0 = Release_NuGet|Any CPU
		{669835E3-E2A5-48E5-8CF4-752370CB7051}.Release|Any CPU.ActiveCfg = Release|Any CPU
		{669835E3-E2A5-48E5-8CF4-752370CB7051}.Release|Any CPU.Build.0 = Release|Any CPU
		{71D17DAE-228B-4E6F-BDC6-35AB7830F741}.Debug|Any CPU.ActiveCfg = Release_NuGet|Any CPU
		{71D17DAE-228B-4E6F-BDC6-35AB7830F741}.Debug|Any CPU.Build.0 = Release_NuGet|Any CPU
		{71D17DAE-228B-4E6F-BDC6-35AB7830F741}.Release|Any CPU.ActiveCfg = Release|Any CPU
		{71D17DAE-228B-4E6F-BDC6-35AB7830F741}.Release|Any CPU.Build.0 = Release|Any CPU
		{27989B5D-1C78-4C16-BE8D-CCE4304ECB8E}.Debug|Any CPU.ActiveCfg = Debug|Any CPU
		{27989B5D-1C78-4C16-BE8D-CCE4304ECB8E}.Debug|Any CPU.Build.0 = Debug|Any CPU
		{27989B5D-1C78-4C16-BE8D-CCE4304ECB8E}.Release|Any CPU.ActiveCfg = Release|Any CPU
		{27989B5D-1C78-4C16-BE8D-CCE4304ECB8E}.Release|Any CPU.Build.0 = Release|Any CPU
		{0D82E903-A13D-4250-B825-D1BA58CB1F64}.Debug|Any CPU.ActiveCfg = Release_NuGet|Any CPU
		{0D82E903-A13D-4250-B825-D1BA58CB1F64}.Debug|Any CPU.Build.0 = Release_NuGet|Any CPU
		{0D82E903-A13D-4250-B825-D1BA58CB1F64}.Release|Any CPU.ActiveCfg = Release|Any CPU
		{0D82E903-A13D-4250-B825-D1BA58CB1F64}.Release|Any CPU.Build.0 = Release|Any CPU
		{71A5C439-028A-422B-8149-23CFE1FDE1EE}.Debug|Any CPU.ActiveCfg = Debug|Any CPU
		{71A5C439-028A-422B-8149-23CFE1FDE1EE}.Debug|Any CPU.Build.0 = Debug|Any CPU
		{71A5C439-028A-422B-8149-23CFE1FDE1EE}.Release|Any CPU.ActiveCfg = Release|Any CPU
		{71A5C439-028A-422B-8149-23CFE1FDE1EE}.Release|Any CPU.Build.0 = Release|Any CPU
		{74E73119-B9F3-42F3-9E13-52850F623CD7}.Debug|Any CPU.ActiveCfg = Release_NuGet|Any CPU
		{74E73119-B9F3-42F3-9E13-52850F623CD7}.Debug|Any CPU.Build.0 = Release_NuGet|Any CPU
		{74E73119-B9F3-42F3-9E13-52850F623CD7}.Release|Any CPU.ActiveCfg = Release|Any CPU
		{74E73119-B9F3-42F3-9E13-52850F623CD7}.Release|Any CPU.Build.0 = Release|Any CPU
		{AB633A6C-8771-48CE-A7C4-4886241FAD47}.Debug|Any CPU.ActiveCfg = Release_NuGet|Any CPU
		{AB633A6C-8771-48CE-A7C4-4886241FAD47}.Debug|Any CPU.Build.0 = Release_NuGet|Any CPU
		{AB633A6C-8771-48CE-A7C4-4886241FAD47}.Release|Any CPU.ActiveCfg = Release|Any CPU
		{AB633A6C-8771-48CE-A7C4-4886241FAD47}.Release|Any CPU.Build.0 = Release|Any CPU
		{389E974B-81C4-43B9-B1CA-764BBC28347E}.Debug|Any CPU.ActiveCfg = Release_NuGet|Any CPU
		{389E974B-81C4-43B9-B1CA-764BBC28347E}.Debug|Any CPU.Build.0 = Release_NuGet|Any CPU
		{389E974B-81C4-43B9-B1CA-764BBC28347E}.Release|Any CPU.ActiveCfg = Release|Any CPU
		{389E974B-81C4-43B9-B1CA-764BBC28347E}.Release|Any CPU.Build.0 = Release|Any CPU
		{2ED8A507-A25F-4C80-A6B8-887BF787BE28}.Debug|Any CPU.ActiveCfg = Release_NuGet|Any CPU
		{2ED8A507-A25F-4C80-A6B8-887BF787BE28}.Debug|Any CPU.Build.0 = Release_NuGet|Any CPU
		{2ED8A507-A25F-4C80-A6B8-887BF787BE28}.Release|Any CPU.ActiveCfg = Release|Any CPU
		{2ED8A507-A25F-4C80-A6B8-887BF787BE28}.Release|Any CPU.Build.0 = Release|Any CPU
		{A8EC2C91-8C03-4B0B-93CC-AF36AD1CCDBC}.Debug|Any CPU.ActiveCfg = Release_NuGet|Any CPU
		{A8EC2C91-8C03-4B0B-93CC-AF36AD1CCDBC}.Debug|Any CPU.Build.0 = Release_NuGet|Any CPU
		{A8EC2C91-8C03-4B0B-93CC-AF36AD1CCDBC}.Release|Any CPU.ActiveCfg = Release|Any CPU
		{A8EC2C91-8C03-4B0B-93CC-AF36AD1CCDBC}.Release|Any CPU.Build.0 = Release|Any CPU
	EndGlobalSection
	GlobalSection(SolutionProperties) = preSolution
		HideSolutionNode = FALSE
	EndGlobalSection
	GlobalSection(NestedProjects) = preSolution
		{9756E859-52D8-4270-9456-4CD495E001DB} = {464D1A19-FD4D-4060-B89B-18B471A1609B}
		{8B5CEAF9-0553-4156-ABFA-B8A27E251514} = {9756E859-52D8-4270-9456-4CD495E001DB}
		{AB4430E2-EAA3-4DE0-92C8-3298BB7A81C3} = {9756E859-52D8-4270-9456-4CD495E001DB}
		{DA9CE85E-7B4D-408B-9116-53A5918CAD1A} = {9756E859-52D8-4270-9456-4CD495E001DB}
		{5085985F-9DE5-4A14-B045-FFF20DD0E441} = {E7FE4B01-F9AB-44D8-99F6-47BA12E46DE5}
		{669835E3-E2A5-48E5-8CF4-752370CB7051} = {5085985F-9DE5-4A14-B045-FFF20DD0E441}
		{B3D5F771-005A-4053-B73C-632D305483DC} = {5085985F-9DE5-4A14-B045-FFF20DD0E441}
		{74B3B6E5-56DD-42DD-AEC2-D5A40FEFD248} = {5085985F-9DE5-4A14-B045-FFF20DD0E441}
		{71D17DAE-228B-4E6F-BDC6-35AB7830F741} = {B3D5F771-005A-4053-B73C-632D305483DC}
		{27989B5D-1C78-4C16-BE8D-CCE4304ECB8E} = {B3D5F771-005A-4053-B73C-632D305483DC}
		{0D82E903-A13D-4250-B825-D1BA58CB1F64} = {74B3B6E5-56DD-42DD-AEC2-D5A40FEFD248}
		{71A5C439-028A-422B-8149-23CFE1FDE1EE} = {74B3B6E5-56DD-42DD-AEC2-D5A40FEFD248}
		{01687E5E-8F85-4EF8-8368-FFA5AF7CB9C0} = {5120DA5C-189C-426F-BBCD-E6C25537583E}
		{6EA22384-7139-453C-B189-3F470DF86FB1} = {01687E5E-8F85-4EF8-8368-FFA5AF7CB9C0}
		{C3DCAA50-94F3-4BC4-B47D-629D0D8FBFB5} = {01687E5E-8F85-4EF8-8368-FFA5AF7CB9C0}
		{74E73119-B9F3-42F3-9E13-52850F623CD7} = {C3DCAA50-94F3-4BC4-B47D-629D0D8FBFB5}
		{AB633A6C-8771-48CE-A7C4-4886241FAD47} = {6EA22384-7139-453C-B189-3F470DF86FB1}
		{389E974B-81C4-43B9-B1CA-764BBC28347E} = {6EA22384-7139-453C-B189-3F470DF86FB1}
		{2ED8A507-A25F-4C80-A6B8-887BF787BE28} = {6EA22384-7139-453C-B189-3F470DF86FB1}
		{B5EA9F7A-27EC-4FD6-BF76-BB3F7ABB734A} = {E7FE4B01-F9AB-44D8-99F6-47BA12E46DE5}
		{A8EC2C91-8C03-4B0B-93CC-AF36AD1CCDBC} = {B5EA9F7A-27EC-4FD6-BF76-BB3F7ABB734A}
	EndGlobalSection
	GlobalSection(ExtensibilityGlobals) = postSolution
		SolutionGuid = {390F0CF4-59F4-444F-9602-87026AB46610}
	EndGlobalSection
EndGlobal
