Microsoft Visual Studio Solution File, Format Version 12.00
# Visual Studio Version 17
VisualStudioVersion = 17.5.2.0
MinimumVisualStudioVersion = 10.0.40219.1
Project("{2150E333-8FDC-42A3-9474-1A3956D46DE8}") = "_site", "_site", "{0F46295C-2E5C-86E2-C62A-DEE79AC4A09B}"
EndProject
Project("{2150E333-8FDC-42A3-9474-1A3956D46DE8}") = "bimapi", "bimapi", "{ED19BEAD-8779-AA74-AFC5-2CD9DE438459}"
EndProject
Project("{2150E333-8FDC-42A3-9474-1A3956D46DE8}") = "CheckbotBimLink", "CheckbotBimLink", "{33FBA633-E221-1E73-4F6E-4FBDC26845EB}"
EndProject
Project("{FAE04EC0-301F-11D3-BF4B-00C04F79EFBC}") = "BimLinkExampleRunner", "_site\bimapi\CheckbotBimLink\BimLinkExampleRunner\BimLinkExampleRunner.csproj", "{E3E15A9C-270E-CB59-BA4F-DE732DE10996}"
EndProject
Project("{2150E333-8FDC-42A3-9474-1A3956D46DE8}") = "SAF2IOM-WinForm-Tester", "SAF2IOM-WinForm-Tester", "{66729221-8A74-3F69-8FE6-B3920AC6BE3B}"
EndProject
Project("{FAE04EC0-301F-11D3-BF4B-00C04F79EFBC}") = "SAF2IOM", "_site\bimapi\SAF2IOM-WinForm-Tester\SAF2IOM\SAF2IOM.csproj", "{4D84EA59-704F-3F81-2AF6-76EA13F3E9BD}"
EndProject
Project("{2150E333-8FDC-42A3-9474-1A3956D46DE8}") = "CadExample", "CadExample", "{1B660079-D941-9A32-7023-477DE1454B6E}"
EndProject
Project("{FAE04EC0-301F-11D3-BF4B-00C04F79EFBC}") = "BimApiLinkCadExample", "_site\bimapi\CheckbotBimLink\CadExample\BimApiLinkCadExample\BimApiLinkCadExample.csproj", "{73A4E6C6-E9C6-40AB-8781-81DBB64A551D}"
EndProject
Project("{FAE04EC0-301F-11D3-BF4B-00C04F79EFBC}") = "CadBulkSelection", "_site\bimapi\CheckbotBimLink\CadExample\CadBulkSelection\CadBulkSelection.csproj", "{B2E577F1-DEDD-4953-619E-73423D6F1D9F}"
EndProject
Project("{FAE04EC0-301F-11D3-BF4B-00C04F79EFBC}") = "CadExampleApi", "_site\bimapi\CheckbotBimLink\CadExample\CadExampleApi\CadExampleApi.csproj", "{04FAE163-077E-7CCA-1891-40894C844A1F}"
EndProject
Project("{2150E333-8FDC-42A3-9474-1A3956D46DE8}") = "CppFeaExample", "CppFeaExample", "{6BBF0734-7915-7127-9E8D-3D247ED1B8B7}"
EndProject
Project("{FAE04EC0-301F-11D3-BF4B-00C04F79EFBC}") = "CopyToOutputApp", "_site\bimapi\CheckbotBimLink\CppFeaExample\CopyToOutputApp\CopyToOutputApp.csproj", "{9CF9D0AE-2160-F9D5-5192-077E911A63EB}"
EndProject
Project("{FAE04EC0-301F-11D3-BF4B-00C04F79EFBC}") = "ImporterWrappers", "_site\bimapi\CheckbotBimLink\CppFeaExample\ImporterWrappers\ImporterWrappers.csproj", "{BC4D4831-6033-0E36-8C80-D2FB2AA9FF24}"
EndProject
Project("{2150E333-8FDC-42A3-9474-1A3956D46DE8}") = "FeaExample", "FeaExample", "{4AE82210-2A08-98A5-E62A-64BF33C36F3E}"
EndProject
Project("{FAE04EC0-301F-11D3-BF4B-00C04F79EFBC}") = "BimApiLinkFeaExample", "_site\bimapi\CheckbotBimLink\FeaExample\BimApiLinkFeaExample\BimApiLinkFeaExample.csproj", "{8C297812-D79A-94BA-0E26-C04FBDF2BC54}"
EndProject
Project("{FAE04EC0-301F-11D3-BF4B-00C04F79EFBC}") = "FeaExampleApi", "_site\bimapi\CheckbotBimLink\FeaExample\FeaExampleApi\FeaExampleApi.csproj", "{401941F4-A894-293F-20E9-9B881AC4FE79}"
EndProject
Project("{2150E333-8FDC-42A3-9474-1A3956D46DE8}") = "SAF", "SAF", "{6E676DB6-85F5-CE40-AD1E-6372E31984F4}"
EndProject
Project("{FAE04EC0-301F-11D3-BF4B-00C04F79EFBC}") = "SafFeaBimLink", "_site\bimapi\CheckbotBimLink\SAF\SafFeaBimLink\SafFeaBimLink.csproj", "{42222214-AEC0-418A-FBA0-155264111F07}"
EndProject
Project("{2150E333-8FDC-42A3-9474-1A3956D46DE8}") = "iom", "iom", "{9C4795EB-FF5A-2CC2-9F11-29ED3DFB93E8}"
EndProject
Project("{2150E333-8FDC-42A3-9474-1A3956D46DE8}") = "csharp", "csharp", "{FCA9CC3D-4BEC-46D6-3606-BBBC3C2E3DA2}"
EndProject
Project("{2150E333-8FDC-42A3-9474-1A3956D46DE8}") = "IomToRcsExamples", "IomToRcsExamples", "{B398458D-3028-7FFC-633A-9B7BD664C84A}"
EndProject
Project("{FAE04EC0-301F-11D3-BF4B-00C04F79EFBC}") = "IomToRcsExampleRunner", "_site\iom\csharp\IomToRcsExamples\IomToRcsExampleRunner\IomToRcsExampleRunner.csproj", "{61C08D08-C1C4-925D-2E3C-2DA20C66024B}"
EndProject
Project("{FAE04EC0-301F-11D3-BF4B-00C04F79EFBC}") = "IomToRcsExamples", "_site\iom\csharp\IomToRcsExamples\IomToRcsExamples\IomToRcsExamples.csproj", "{1E2D1C13-3B61-FFC6-1D53-54FC8746979E}"
EndProject
Project("{2150E333-8FDC-42A3-9474-1A3956D46DE8}") = "SteelFrameExample", "SteelFrameExample", "{45D92F17-D1EB-56E6-7663-82C3262F2297}"
EndProject
Project("{FAE04EC0-301F-11D3-BF4B-00C04F79EFBC}") = "IOM.SteelFrameDesktop", "_site\iom\csharp\SteelFrameExample\IOM.SteelFrameDesktop\IOM.SteelFrameDesktop.csproj", "{39BB666D-3714-21DD-AED8-DE31A44A8A9E}"
EndProject
Project("{FAE04EC0-301F-11D3-BF4B-00C04F79EFBC}") = "IOM.SteelFrameExample", "_site\iom\csharp\SteelFrameExample\IOM.SteelFrameExample\IOM.SteelFrameExample.csproj", "{CF2F4D8D-79F9-546C-A12D-1187B9AC4A38}"
EndProject
Project("{FAE04EC0-301F-11D3-BF4B-00C04F79EFBC}") = "IOM.SteelFrameWeb", "_site\iom\csharp\SteelFrameExample\IOM.SteelFrameWeb\IOM.SteelFrameWeb.csproj", "{E2038E2E-31C9-71B8-5992-4B9AC94B89AB}"
EndProject
Project("{2150E333-8FDC-42A3-9474-1A3956D46DE8}") = "CppSafFeaExample", "CppSafFeaExample", "{6C7AEADB-67AE-5ADF-67A0-3E917F7C9876}"
EndProject
Project("{FAE04EC0-301F-11D3-BF4B-00C04F79EFBC}") = "CopyToOutputApp", "_site\bimapi\CheckbotBimLink\SAF\CppSafFeaExample\CopyToOutputApp\CopyToOutputApp.csproj", "{95C5A08A-0511-0704-9B66-54A109B7032D}"
EndProject
Project("{2150E333-8FDC-42A3-9474-1A3956D46DE8}") = "SafFeaExample", "SafFeaExample", "{9AE6ACF9-FAF7-A237-24A3-7E2736772E79}"
EndProject
Project("{FAE04EC0-301F-11D3-BF4B-00C04F79EFBC}") = "SafFeaApi_MOCK", "_site\bimapi\CheckbotBimLink\SAF\SafFeaExample\SafFeaApi_Mock\SafFeaApi_MOCK.csproj", "{707C5292-2517-07EC-FCE0-C96F1FAA7F39}"
EndProject
Project("{FAE04EC0-301F-11D3-BF4B-00C04F79EFBC}") = "SafFeaTestApp", "_site\bimapi\CheckbotBimLink\SAF\SafFeaExample\SafFeaTestApp\SafFeaTestApp.csproj", "{336F0FCF-CC38-259E-7880-85156DD76061}"
EndProject
Global
	GlobalSection(SolutionConfigurationPlatforms) = preSolution
		Debug|Any CPU = Debug|Any CPU
		Release|Any CPU = Release|Any CPU
	EndGlobalSection
	GlobalSection(ProjectConfigurationPlatforms) = postSolution
		{E3E15A9C-270E-CB59-BA4F-DE732DE10996}.Debug|Any CPU.ActiveCfg = Debug|Any CPU
		{E3E15A9C-270E-CB59-BA4F-DE732DE10996}.Debug|Any CPU.Build.0 = Debug|Any CPU
		{E3E15A9C-270E-CB59-BA4F-DE732DE10996}.Release|Any CPU.ActiveCfg = Release|Any CPU
		{E3E15A9C-270E-CB59-BA4F-DE732DE10996}.Release|Any CPU.Build.0 = Release|Any CPU
		{4D84EA59-704F-3F81-2AF6-76EA13F3E9BD}.Debug|Any CPU.ActiveCfg = Debug|Any CPU
		{4D84EA59-704F-3F81-2AF6-76EA13F3E9BD}.Debug|Any CPU.Build.0 = Debug|Any CPU
		{4D84EA59-704F-3F81-2AF6-76EA13F3E9BD}.Release|Any CPU.ActiveCfg = Release|Any CPU
		{4D84EA59-704F-3F81-2AF6-76EA13F3E9BD}.Release|Any CPU.Build.0 = Release|Any CPU
		{73A4E6C6-E9C6-40AB-8781-81DBB64A551D}.Debug|Any CPU.ActiveCfg = Debug|Any CPU
		{73A4E6C6-E9C6-40AB-8781-81DBB64A551D}.Debug|Any CPU.Build.0 = Debug|Any CPU
		{73A4E6C6-E9C6-40AB-8781-81DBB64A551D}.Release|Any CPU.ActiveCfg = Release|Any CPU
		{73A4E6C6-E9C6-40AB-8781-81DBB64A551D}.Release|Any CPU.Build.0 = Release|Any CPU
		{B2E577F1-DEDD-4953-619E-73423D6F1D9F}.Debug|Any CPU.ActiveCfg = Debug|Any CPU
		{B2E577F1-DEDD-4953-619E-73423D6F1D9F}.Debug|Any CPU.Build.0 = Debug|Any CPU
		{B2E577F1-DEDD-4953-619E-73423D6F1D9F}.Release|Any CPU.ActiveCfg = Release|Any CPU
		{B2E577F1-DEDD-4953-619E-73423D6F1D9F}.Release|Any CPU.Build.0 = Release|Any CPU
		{04FAE163-077E-7CCA-1891-40894C844A1F}.Debug|Any CPU.ActiveCfg = Debug|Any CPU
		{04FAE163-077E-7CCA-1891-40894C844A1F}.Debug|Any CPU.Build.0 = Debug|Any CPU
		{04FAE163-077E-7CCA-1891-40894C844A1F}.Release|Any CPU.ActiveCfg = Release|Any CPU
		{04FAE163-077E-7CCA-1891-40894C844A1F}.Release|Any CPU.Build.0 = Release|Any CPU
		{9CF9D0AE-2160-F9D5-5192-077E911A63EB}.Debug|Any CPU.ActiveCfg = Debug|Any CPU
		{9CF9D0AE-2160-F9D5-5192-077E911A63EB}.Debug|Any CPU.Build.0 = Debug|Any CPU
		{9CF9D0AE-2160-F9D5-5192-077E911A63EB}.Release|Any CPU.ActiveCfg = Release|Any CPU
		{9CF9D0AE-2160-F9D5-5192-077E911A63EB}.Release|Any CPU.Build.0 = Release|Any CPU
		{BC4D4831-6033-0E36-8C80-D2FB2AA9FF24}.Debug|Any CPU.ActiveCfg = Debug|Any CPU
		{BC4D4831-6033-0E36-8C80-D2FB2AA9FF24}.Debug|Any CPU.Build.0 = Debug|Any CPU
		{BC4D4831-6033-0E36-8C80-D2FB2AA9FF24}.Release|Any CPU.ActiveCfg = Release|Any CPU
		{BC4D4831-6033-0E36-8C80-D2FB2AA9FF24}.Release|Any CPU.Build.0 = Release|Any CPU
		{8C297812-D79A-94BA-0E26-C04FBDF2BC54}.Debug|Any CPU.ActiveCfg = Debug|Any CPU
		{8C297812-D79A-94BA-0E26-C04FBDF2BC54}.Debug|Any CPU.Build.0 = Debug|Any CPU
		{8C297812-D79A-94BA-0E26-C04FBDF2BC54}.Release|Any CPU.ActiveCfg = Release|Any CPU
		{8C297812-D79A-94BA-0E26-C04FBDF2BC54}.Release|Any CPU.Build.0 = Release|Any CPU
		{401941F4-A894-293F-20E9-9B881AC4FE79}.Debug|Any CPU.ActiveCfg = Debug|Any CPU
		{401941F4-A894-293F-20E9-9B881AC4FE79}.Debug|Any CPU.Build.0 = Debug|Any CPU
		{401941F4-A894-293F-20E9-9B881AC4FE79}.Release|Any CPU.ActiveCfg = Release|Any CPU
		{401941F4-A894-293F-20E9-9B881AC4FE79}.Release|Any CPU.Build.0 = Release|Any CPU
		{42222214-AEC0-418A-FBA0-155264111F07}.Debug|Any CPU.ActiveCfg = Debug|Any CPU
		{42222214-AEC0-418A-FBA0-155264111F07}.Debug|Any CPU.Build.0 = Debug|Any CPU
		{42222214-AEC0-418A-FBA0-155264111F07}.Release|Any CPU.ActiveCfg = Release|Any CPU
		{42222214-AEC0-418A-FBA0-155264111F07}.Release|Any CPU.Build.0 = Release|Any CPU
		{61C08D08-C1C4-925D-2E3C-2DA20C66024B}.Debug|Any CPU.ActiveCfg = Debug|Any CPU
		{61C08D08-C1C4-925D-2E3C-2DA20C66024B}.Debug|Any CPU.Build.0 = Debug|Any CPU
		{61C08D08-C1C4-925D-2E3C-2DA20C66024B}.Release|Any CPU.ActiveCfg = Release|Any CPU
		{61C08D08-C1C4-925D-2E3C-2DA20C66024B}.Release|Any CPU.Build.0 = Release|Any CPU
		{1E2D1C13-3B61-FFC6-1D53-54FC8746979E}.Debug|Any CPU.ActiveCfg = Debug|Any CPU
		{1E2D1C13-3B61-FFC6-1D53-54FC8746979E}.Debug|Any CPU.Build.0 = Debug|Any CPU
		{1E2D1C13-3B61-FFC6-1D53-54FC8746979E}.Release|Any CPU.ActiveCfg = Release|Any CPU
		{1E2D1C13-3B61-FFC6-1D53-54FC8746979E}.Release|Any CPU.Build.0 = Release|Any CPU
		{39BB666D-3714-21DD-AED8-DE31A44A8A9E}.Debug|Any CPU.ActiveCfg = Debug|Any CPU
		{39BB666D-3714-21DD-AED8-DE31A44A8A9E}.Debug|Any CPU.Build.0 = Debug|Any CPU
		{39BB666D-3714-21DD-AED8-DE31A44A8A9E}.Release|Any CPU.ActiveCfg = Release|Any CPU
		{39BB666D-3714-21DD-AED8-DE31A44A8A9E}.Release|Any CPU.Build.0 = Release|Any CPU
		{CF2F4D8D-79F9-546C-A12D-1187B9AC4A38}.Debug|Any CPU.ActiveCfg = Debug|Any CPU
		{CF2F4D8D-79F9-546C-A12D-1187B9AC4A38}.Debug|Any CPU.Build.0 = Debug|Any CPU
		{CF2F4D8D-79F9-546C-A12D-1187B9AC4A38}.Release|Any CPU.ActiveCfg = Release|Any CPU
		{CF2F4D8D-79F9-546C-A12D-1187B9AC4A38}.Release|Any CPU.Build.0 = Release|Any CPU
		{E2038E2E-31C9-71B8-5992-4B9AC94B89AB}.Debug|Any CPU.ActiveCfg = Debug|Any CPU
		{E2038E2E-31C9-71B8-5992-4B9AC94B89AB}.Debug|Any CPU.Build.0 = Debug|Any CPU
		{E2038E2E-31C9-71B8-5992-4B9AC94B89AB}.Release|Any CPU.ActiveCfg = Release|Any CPU
		{E2038E2E-31C9-71B8-5992-4B9AC94B89AB}.Release|Any CPU.Build.0 = Release|Any CPU
		{95C5A08A-0511-0704-9B66-54A109B7032D}.Debug|Any CPU.ActiveCfg = Debug|Any CPU
		{95C5A08A-0511-0704-9B66-54A109B7032D}.Debug|Any CPU.Build.0 = Debug|Any CPU
		{95C5A08A-0511-0704-9B66-54A109B7032D}.Release|Any CPU.ActiveCfg = Release|Any CPU
		{95C5A08A-0511-0704-9B66-54A109B7032D}.Release|Any CPU.Build.0 = Release|Any CPU
		{707C5292-2517-07EC-FCE0-C96F1FAA7F39}.Debug|Any CPU.ActiveCfg = Debug|Any CPU
		{707C5292-2517-07EC-FCE0-C96F1FAA7F39}.Debug|Any CPU.Build.0 = Debug|Any CPU
		{707C5292-2517-07EC-FCE0-C96F1FAA7F39}.Release|Any CPU.ActiveCfg = Release|Any CPU
		{707C5292-2517-07EC-FCE0-C96F1FAA7F39}.Release|Any CPU.Build.0 = Release|Any CPU
		{336F0FCF-CC38-259E-7880-85156DD76061}.Debug|Any CPU.ActiveCfg = Debug|Any CPU
		{336F0FCF-CC38-259E-7880-85156DD76061}.Debug|Any CPU.Build.0 = Debug|Any CPU
		{336F0FCF-CC38-259E-7880-85156DD76061}.Release|Any CPU.ActiveCfg = Release|Any CPU
		{336F0FCF-CC38-259E-7880-85156DD76061}.Release|Any CPU.Build.0 = Release|Any CPU
	EndGlobalSection
	GlobalSection(SolutionProperties) = preSolution
		HideSolutionNode = FALSE
	EndGlobalSection
	GlobalSection(NestedProjects) = preSolution
		{ED19BEAD-8779-AA74-AFC5-2CD9DE438459} = {0F46295C-2E5C-86E2-C62A-DEE79AC4A09B}
		{33FBA633-E221-1E73-4F6E-4FBDC26845EB} = {ED19BEAD-8779-AA74-AFC5-2CD9DE438459}
		{E3E15A9C-270E-CB59-BA4F-DE732DE10996} = {33FBA633-E221-1E73-4F6E-4FBDC26845EB}
		{66729221-8A74-3F69-8FE6-B3920AC6BE3B} = {ED19BEAD-8779-AA74-AFC5-2CD9DE438459}
		{4D84EA59-704F-3F81-2AF6-76EA13F3E9BD} = {66729221-8A74-3F69-8FE6-B3920AC6BE3B}
		{1B660079-D941-9A32-7023-477DE1454B6E} = {33FBA633-E221-1E73-4F6E-4FBDC26845EB}
		{73A4E6C6-E9C6-40AB-8781-81DBB64A551D} = {1B660079-D941-9A32-7023-477DE1454B6E}
		{B2E577F1-DEDD-4953-619E-73423D6F1D9F} = {1B660079-D941-9A32-7023-477DE1454B6E}
		{04FAE163-077E-7CCA-1891-40894C844A1F} = {1B660079-D941-9A32-7023-477DE1454B6E}
		{6BBF0734-7915-7127-9E8D-3D247ED1B8B7} = {33FBA633-E221-1E73-4F6E-4FBDC26845EB}
		{9CF9D0AE-2160-F9D5-5192-077E911A63EB} = {6BBF0734-7915-7127-9E8D-3D247ED1B8B7}
		{BC4D4831-6033-0E36-8C80-D2FB2AA9FF24} = {6BBF0734-7915-7127-9E8D-3D247ED1B8B7}
		{4AE82210-2A08-98A5-E62A-64BF33C36F3E} = {33FBA633-E221-1E73-4F6E-4FBDC26845EB}
		{8C297812-D79A-94BA-0E26-C04FBDF2BC54} = {4AE82210-2A08-98A5-E62A-64BF33C36F3E}
		{401941F4-A894-293F-20E9-9B881AC4FE79} = {4AE82210-2A08-98A5-E62A-64BF33C36F3E}
		{6E676DB6-85F5-CE40-AD1E-6372E31984F4} = {33FBA633-E221-1E73-4F6E-4FBDC26845EB}
		{42222214-AEC0-418A-FBA0-155264111F07} = {6E676DB6-85F5-CE40-AD1E-6372E31984F4}
		{9C4795EB-FF5A-2CC2-9F11-29ED3DFB93E8} = {0F46295C-2E5C-86E2-C62A-DEE79AC4A09B}
		{FCA9CC3D-4BEC-46D6-3606-BBBC3C2E3DA2} = {9C4795EB-FF5A-2CC2-9F11-29ED3DFB93E8}
		{B398458D-3028-7FFC-633A-9B7BD664C84A} = {FCA9CC3D-4BEC-46D6-3606-BBBC3C2E3DA2}
		{61C08D08-C1C4-925D-2E3C-2DA20C66024B} = {B398458D-3028-7FFC-633A-9B7BD664C84A}
		{1E2D1C13-3B61-FFC6-1D53-54FC8746979E} = {B398458D-3028-7FFC-633A-9B7BD664C84A}
		{45D92F17-D1EB-56E6-7663-82C3262F2297} = {FCA9CC3D-4BEC-46D6-3606-BBBC3C2E3DA2}
		{39BB666D-3714-21DD-AED8-DE31A44A8A9E} = {45D92F17-D1EB-56E6-7663-82C3262F2297}
		{CF2F4D8D-79F9-546C-A12D-1187B9AC4A38} = {45D92F17-D1EB-56E6-7663-82C3262F2297}
		{E2038E2E-31C9-71B8-5992-4B9AC94B89AB} = {45D92F17-D1EB-56E6-7663-82C3262F2297}
		{6C7AEADB-67AE-5ADF-67A0-3E917F7C9876} = {6E676DB6-85F5-CE40-AD1E-6372E31984F4}
		{95C5A08A-0511-0704-9B66-54A109B7032D} = {6C7AEADB-67AE-5ADF-67A0-3E917F7C9876}
		{9AE6ACF9-FAF7-A237-24A3-7E2736772E79} = {6E676DB6-85F5-CE40-AD1E-6372E31984F4}
		{707C5292-2517-07EC-FCE0-C96F1FAA7F39} = {9AE6ACF9-FAF7-A237-24A3-7E2736772E79}
		{336F0FCF-CC38-259E-7880-85156DD76061} = {9AE6ACF9-FAF7-A237-24A3-7E2736772E79}
	EndGlobalSection
	GlobalSection(ExtensibilityGlobals) = postSolution
		SolutionGuid = {154AEC5C-0C18-41C3-BDB7-8A604A82AC2A}
	EndGlobalSection
EndGlobal
