
Microsoft Visual Studio Solution File, Format Version 12.00
# Visual Studio Version 16
VisualStudioVersion = 16.0.30907.101
MinimumVisualStudioVersion = 10.0.40219.1
Project("{9A19103F-16F7-4668-BE54-9A1E7A4F7556}") = "IdeaRS.OpenModel", "IdeaRS.OpenModel\IdeaRS.OpenModel.csproj", "{9C319AF9-ABFE-4887-8B0A-E1039013FC0A}"
EndProject
Project("{2150E333-8FDC-42A3-9474-1A3956D46DE8}") = "Examples", "Examples", "{C3DAC5ED-3FD3-4F17-A22A-5B74B6956E49}"
EndProject
Project("{2150E333-8FDC-42A3-9474-1A3956D46DE8}") = "CCM", "CCM", "{E6888704-6043-4027-8A71-0BC948E91EAF}"
EndProject
Project("{9A19103F-16F7-4668-BE54-9A1E7A4F7556}") = "FEAppExample_1", "Examples\CCM\FEAppExample_1\FEAppExample_1.csproj", "{6C983760-8581-407F-80C9-3F3D6BD56F90}"
EndProject
Project("{2150E333-8FDC-42A3-9474-1A3956D46DE8}") = "IOM", "IOM", "{153283A3-254E-421F-B69F-CFFC6AAC09FE}"
EndProject
Project("{2150E333-8FDC-42A3-9474-1A3956D46DE8}") = "ConnHiddenCalc", "ConnHiddenCalc", "{5512FC71-409A-40BF-8634-268720C7B75C}"
EndProject
Project("{9A19103F-16F7-4668-BE54-9A1E7A4F7556}") = "IOM.GeneratorExample", "Examples\IOM\IOM.GeneratorExample\IOM.GeneratorExample.csproj", "{8B5CEAF9-0553-4156-ABFA-B8A27E251514}"
EndProject
Project("{9A19103F-16F7-4668-BE54-9A1E7A4F7556}") = "IOM.SteelFrameDesktop", "Examples\IOM\IOM.SteelFrameDesktop\IOM.SteelFrameDesktop.csproj", "{AB4430E2-EAA3-4DE0-92C8-3298BB7A81C3}"
EndProject
Project("{9A19103F-16F7-4668-BE54-9A1E7A4F7556}") = "IOM.SteelFrameWeb", "Examples\IOM\IOM.SteelFrameWeb\IOM.SteelFrameWeb.csproj", "{DA9CE85E-7B4D-408B-9116-53A5918CAD1A}"
EndProject
Project("{9A19103F-16F7-4668-BE54-9A1E7A4F7556}") = "IdeaStatiCa.ConnectionClient", "Examples\ConnHiddenCalc\IdeaStatiCa.ConnectionClient\IdeaStatiCa.ConnectionClient.csproj", "{3C0AE938-D5E2-4434-8262-802CABD1AF8B}"
EndProject
Project("{9A19103F-16F7-4668-BE54-9A1E7A4F7556}") = "ConHiddenCheckConsole", "Examples\ConnHiddenCalc\ConHiddenCheckConsole\ConHiddenCheckConsole.csproj", "{30A463B1-30CD-4ABD-9CEA-8EE1A93DCC7C}"
EndProject
Project("{9A19103F-16F7-4668-BE54-9A1E7A4F7556}") = "ConnectionAutomationApp", "Examples\ConnHiddenCalc\ConnectionAutomationApp\ConnectionAutomationApp.csproj", "{7B0920A1-93D0-4206-A8D7-4303DC0DE66E}"
EndProject
Project("{9A19103F-16F7-4668-BE54-9A1E7A4F7556}") = "ConnectionHiddenCalculation", "Examples\ConnHiddenCalc\ConnectionHiddenCalculation\ConnectionHiddenCalculation.csproj", "{2B3AF9A8-D4C1-4B4E-BBC6-AAA4260E42F3}"
EndProject
Project("{2150E333-8FDC-42A3-9474-1A3956D46DE8}") = "FakeCCM", "FakeCCM", "{270F2140-0363-4B34-A947-83761EEF2D66}"
EndProject
Project("{9A19103F-16F7-4668-BE54-9A1E7A4F7556}") = "FEAppTest", "Examples\CCM\FakeCCM\FEAppTest\FEAppTest.csproj", "{1F1DB95D-E340-4533-96CD-46645E10E5D5}"
EndProject
Project("{9A19103F-16F7-4668-BE54-9A1E7A4F7556}") = "IdeaStatiCaFake", "Examples\CCM\FakeCCM\IdeaStatiCaFake\IdeaStatiCaFake.csproj", "{259ADAF9-A9CA-4AAA-9AFE-FCF29256AB9F}"
EndProject
Project("{9A19103F-16F7-4668-BE54-9A1E7A4F7556}") = "IdeaStatiCa.Plugin", "IdeaStatiCa.Plugin\IdeaStatiCa.Plugin.csproj", "{7C5FC60F-CC3E-45B3-A38A-AA167A9D1333}"
EndProject
Project("{9A19103F-16F7-4668-BE54-9A1E7A4F7556}") = "IdeaStatiCa.BimApi", "IdeaStatiCa.BimApi\IdeaStatiCa.BimApi.csproj", "{E983F5EF-C464-42EC-B67A-2D9061298ABA}"
EndProject
Project("{9A19103F-16F7-4668-BE54-9A1E7A4F7556}") = "IdeaStatiCa.BimImporter", "IdeaStatiCa.BimImporter\IdeaStatiCa.BimImporter.csproj", "{00078BC6-30D1-4AFE-BEC0-A6D1AF570A4E}"
EndProject
Project("{9A19103F-16F7-4668-BE54-9A1E7A4F7556}") = "IdeaStatiCa.BimImporter.Tests", "IdeaStatiCa.BimImporter.Tests\IdeaStatiCa.BimImporter.Tests.csproj", "{81C92CED-CBB2-4092-BAB0-22F3A787C183}"
EndProject
Project("{9A19103F-16F7-4668-BE54-9A1E7A4F7556}") = "IdeaStatiCa.PluginsTools", "IdeaStatiCa.PluginsTools\IdeaStatiCa.PluginsTools.csproj", "{5166DBC3-FF77-48B4-8980-C3ED05614957}"
EndProject
Project("{9A19103F-16F7-4668-BE54-9A1E7A4F7556}") = "IdeaStatiCa.Plugin.Tests", "IdeaStatiCa.Plugin.Tests\IdeaStatiCa.Plugin.Tests.csproj", "{5DC41163-15BE-4C1C-B844-4B8AD388098F}"
EndProject
Project("{9A19103F-16F7-4668-BE54-9A1E7A4F7556}") = "IdeaStatiCa.Public", "IdeaStatiCa.Public\IdeaStatiCa.Public.csproj", "{D3C76CA4-918D-4D24-A34D-72F5AAE467B9}"
EndProject
Project("{2150E333-8FDC-42A3-9474-1A3956D46DE8}") = "SystemTests", "SystemTests", "{6450E996-847E-4AEA-878D-9905100CA668}"
EndProject
Project("{FAE04EC0-301F-11D3-BF4B-00C04F79EFBC}") = "GrpcServerHost", "SystemTests\GrpcServerHost\GrpcServerHost.csproj", "{8BBDCC6D-82D7-47A7-BD8D-D07A1581DF7D}"
EndProject
Project("{FAE04EC0-301F-11D3-BF4B-00C04F79EFBC}") = "SystemTestService", "SystemTests\SystemTestService\SystemTestService.csproj", "{8763410B-44A3-474A-9F00-28AD33AD2719}"
EndProject
Global
	GlobalSection(SolutionConfigurationPlatforms) = preSolution
		Debug|Any CPU = Debug|Any CPU
		Release|Any CPU = Release|Any CPU
	EndGlobalSection
	GlobalSection(ProjectConfigurationPlatforms) = postSolution
		{9C319AF9-ABFE-4887-8B0A-E1039013FC0A}.Debug|Any CPU.ActiveCfg = Debug|Any CPU
		{9C319AF9-ABFE-4887-8B0A-E1039013FC0A}.Debug|Any CPU.Build.0 = Debug|Any CPU
		{9C319AF9-ABFE-4887-8B0A-E1039013FC0A}.Release|Any CPU.ActiveCfg = Release|Any CPU
		{9C319AF9-ABFE-4887-8B0A-E1039013FC0A}.Release|Any CPU.Build.0 = Release|Any CPU
		{6C983760-8581-407F-80C9-3F3D6BD56F90}.Debug|Any CPU.ActiveCfg = Debug|Any CPU
		{6C983760-8581-407F-80C9-3F3D6BD56F90}.Debug|Any CPU.Build.0 = Debug|Any CPU
		{6C983760-8581-407F-80C9-3F3D6BD56F90}.Release|Any CPU.ActiveCfg = Release|Any CPU
		{6C983760-8581-407F-80C9-3F3D6BD56F90}.Release|Any CPU.Build.0 = Release|Any CPU
		{8B5CEAF9-0553-4156-ABFA-B8A27E251514}.Debug|Any CPU.ActiveCfg = Debug|Any CPU
		{8B5CEAF9-0553-4156-ABFA-B8A27E251514}.Debug|Any CPU.Build.0 = Debug|Any CPU
		{8B5CEAF9-0553-4156-ABFA-B8A27E251514}.Release|Any CPU.ActiveCfg = Release|Any CPU
		{8B5CEAF9-0553-4156-ABFA-B8A27E251514}.Release|Any CPU.Build.0 = Release|Any CPU
		{AB4430E2-EAA3-4DE0-92C8-3298BB7A81C3}.Debug|Any CPU.ActiveCfg = Debug|Any CPU
		{AB4430E2-EAA3-4DE0-92C8-3298BB7A81C3}.Debug|Any CPU.Build.0 = Debug|Any CPU
		{AB4430E2-EAA3-4DE0-92C8-3298BB7A81C3}.Release|Any CPU.ActiveCfg = Release|Any CPU
		{AB4430E2-EAA3-4DE0-92C8-3298BB7A81C3}.Release|Any CPU.Build.0 = Release|Any CPU
		{DA9CE85E-7B4D-408B-9116-53A5918CAD1A}.Debug|Any CPU.ActiveCfg = Debug|Any CPU
		{DA9CE85E-7B4D-408B-9116-53A5918CAD1A}.Debug|Any CPU.Build.0 = Debug|Any CPU
		{DA9CE85E-7B4D-408B-9116-53A5918CAD1A}.Release|Any CPU.ActiveCfg = Release|Any CPU
		{DA9CE85E-7B4D-408B-9116-53A5918CAD1A}.Release|Any CPU.Build.0 = Release|Any CPU
		{3C0AE938-D5E2-4434-8262-802CABD1AF8B}.Debug|Any CPU.ActiveCfg = Debug|Any CPU
		{3C0AE938-D5E2-4434-8262-802CABD1AF8B}.Debug|Any CPU.Build.0 = Debug|Any CPU
		{3C0AE938-D5E2-4434-8262-802CABD1AF8B}.Release|Any CPU.ActiveCfg = Release|Any CPU
		{3C0AE938-D5E2-4434-8262-802CABD1AF8B}.Release|Any CPU.Build.0 = Release|Any CPU
		{30A463B1-30CD-4ABD-9CEA-8EE1A93DCC7C}.Debug|Any CPU.ActiveCfg = Debug|Any CPU
		{30A463B1-30CD-4ABD-9CEA-8EE1A93DCC7C}.Debug|Any CPU.Build.0 = Debug|Any CPU
		{30A463B1-30CD-4ABD-9CEA-8EE1A93DCC7C}.Release|Any CPU.ActiveCfg = Release|Any CPU
		{30A463B1-30CD-4ABD-9CEA-8EE1A93DCC7C}.Release|Any CPU.Build.0 = Release|Any CPU
		{7B0920A1-93D0-4206-A8D7-4303DC0DE66E}.Debug|Any CPU.ActiveCfg = Debug|Any CPU
		{7B0920A1-93D0-4206-A8D7-4303DC0DE66E}.Debug|Any CPU.Build.0 = Debug|Any CPU
		{7B0920A1-93D0-4206-A8D7-4303DC0DE66E}.Release|Any CPU.ActiveCfg = Release|Any CPU
		{7B0920A1-93D0-4206-A8D7-4303DC0DE66E}.Release|Any CPU.Build.0 = Release|Any CPU
		{2B3AF9A8-D4C1-4B4E-BBC6-AAA4260E42F3}.Debug|Any CPU.ActiveCfg = Debug|Any CPU
		{2B3AF9A8-D4C1-4B4E-BBC6-AAA4260E42F3}.Debug|Any CPU.Build.0 = Debug|Any CPU
		{2B3AF9A8-D4C1-4B4E-BBC6-AAA4260E42F3}.Release|Any CPU.ActiveCfg = Release|Any CPU
		{2B3AF9A8-D4C1-4B4E-BBC6-AAA4260E42F3}.Release|Any CPU.Build.0 = Release|Any CPU
		{1F1DB95D-E340-4533-96CD-46645E10E5D5}.Debug|Any CPU.ActiveCfg = Debug|Any CPU
		{1F1DB95D-E340-4533-96CD-46645E10E5D5}.Debug|Any CPU.Build.0 = Debug|Any CPU
		{1F1DB95D-E340-4533-96CD-46645E10E5D5}.Release|Any CPU.ActiveCfg = Release|Any CPU
		{1F1DB95D-E340-4533-96CD-46645E10E5D5}.Release|Any CPU.Build.0 = Release|Any CPU
		{259ADAF9-A9CA-4AAA-9AFE-FCF29256AB9F}.Debug|Any CPU.ActiveCfg = Debug|Any CPU
		{259ADAF9-A9CA-4AAA-9AFE-FCF29256AB9F}.Debug|Any CPU.Build.0 = Debug|Any CPU
		{259ADAF9-A9CA-4AAA-9AFE-FCF29256AB9F}.Release|Any CPU.ActiveCfg = Release|Any CPU
		{259ADAF9-A9CA-4AAA-9AFE-FCF29256AB9F}.Release|Any CPU.Build.0 = Release|Any CPU
		{7C5FC60F-CC3E-45B3-A38A-AA167A9D1333}.Debug|Any CPU.ActiveCfg = Debug|Any CPU
		{7C5FC60F-CC3E-45B3-A38A-AA167A9D1333}.Debug|Any CPU.Build.0 = Debug|Any CPU
		{7C5FC60F-CC3E-45B3-A38A-AA167A9D1333}.Release|Any CPU.ActiveCfg = Release|Any CPU
		{7C5FC60F-CC3E-45B3-A38A-AA167A9D1333}.Release|Any CPU.Build.0 = Release|Any CPU
		{E983F5EF-C464-42EC-B67A-2D9061298ABA}.Debug|Any CPU.ActiveCfg = Debug|Any CPU
		{E983F5EF-C464-42EC-B67A-2D9061298ABA}.Debug|Any CPU.Build.0 = Debug|Any CPU
		{E983F5EF-C464-42EC-B67A-2D9061298ABA}.Release|Any CPU.ActiveCfg = Release|Any CPU
		{E983F5EF-C464-42EC-B67A-2D9061298ABA}.Release|Any CPU.Build.0 = Release|Any CPU
		{00078BC6-30D1-4AFE-BEC0-A6D1AF570A4E}.Debug|Any CPU.ActiveCfg = Debug|Any CPU
		{00078BC6-30D1-4AFE-BEC0-A6D1AF570A4E}.Debug|Any CPU.Build.0 = Debug|Any CPU
		{00078BC6-30D1-4AFE-BEC0-A6D1AF570A4E}.Release|Any CPU.ActiveCfg = Release|Any CPU
		{00078BC6-30D1-4AFE-BEC0-A6D1AF570A4E}.Release|Any CPU.Build.0 = Release|Any CPU
		{81C92CED-CBB2-4092-BAB0-22F3A787C183}.Debug|Any CPU.ActiveCfg = Debug|Any CPU
		{81C92CED-CBB2-4092-BAB0-22F3A787C183}.Debug|Any CPU.Build.0 = Debug|Any CPU
		{81C92CED-CBB2-4092-BAB0-22F3A787C183}.Release|Any CPU.ActiveCfg = Release|Any CPU
		{81C92CED-CBB2-4092-BAB0-22F3A787C183}.Release|Any CPU.Build.0 = Release|Any CPU
		{5166DBC3-FF77-48B4-8980-C3ED05614957}.Debug|Any CPU.ActiveCfg = Debug|Any CPU
		{5166DBC3-FF77-48B4-8980-C3ED05614957}.Debug|Any CPU.Build.0 = Debug|Any CPU
		{5166DBC3-FF77-48B4-8980-C3ED05614957}.Release|Any CPU.ActiveCfg = Release|Any CPU
		{5166DBC3-FF77-48B4-8980-C3ED05614957}.Release|Any CPU.Build.0 = Release|Any CPU
		{5DC41163-15BE-4C1C-B844-4B8AD388098F}.Debug|Any CPU.ActiveCfg = Debug|Any CPU
		{5DC41163-15BE-4C1C-B844-4B8AD388098F}.Debug|Any CPU.Build.0 = Debug|Any CPU
		{5DC41163-15BE-4C1C-B844-4B8AD388098F}.Release|Any CPU.ActiveCfg = Release|Any CPU
		{5DC41163-15BE-4C1C-B844-4B8AD388098F}.Release|Any CPU.Build.0 = Release|Any CPU
		{D3C76CA4-918D-4D24-A34D-72F5AAE467B9}.Debug|Any CPU.ActiveCfg = Debug|Any CPU
		{D3C76CA4-918D-4D24-A34D-72F5AAE467B9}.Debug|Any CPU.Build.0 = Debug|Any CPU
		{D3C76CA4-918D-4D24-A34D-72F5AAE467B9}.Release|Any CPU.ActiveCfg = Release|Any CPU
		{D3C76CA4-918D-4D24-A34D-72F5AAE467B9}.Release|Any CPU.Build.0 = Release|Any CPU
		{8BBDCC6D-82D7-47A7-BD8D-D07A1581DF7D}.Debug|Any CPU.ActiveCfg = Debug|Any CPU
		{8BBDCC6D-82D7-47A7-BD8D-D07A1581DF7D}.Debug|Any CPU.Build.0 = Debug|Any CPU
		{8BBDCC6D-82D7-47A7-BD8D-D07A1581DF7D}.Release|Any CPU.ActiveCfg = Release|Any CPU
		{8BBDCC6D-82D7-47A7-BD8D-D07A1581DF7D}.Release|Any CPU.Build.0 = Release|Any CPU
		{8763410B-44A3-474A-9F00-28AD33AD2719}.Debug|Any CPU.ActiveCfg = Debug|Any CPU
		{8763410B-44A3-474A-9F00-28AD33AD2719}.Debug|Any CPU.Build.0 = Debug|Any CPU
		{8763410B-44A3-474A-9F00-28AD33AD2719}.Release|Any CPU.ActiveCfg = Release|Any CPU
		{8763410B-44A3-474A-9F00-28AD33AD2719}.Release|Any CPU.Build.0 = Release|Any CPU
	EndGlobalSection
	GlobalSection(SolutionProperties) = preSolution
		HideSolutionNode = FALSE
	EndGlobalSection
	GlobalSection(NestedProjects) = preSolution
		{E6888704-6043-4027-8A71-0BC948E91EAF} = {C3DAC5ED-3FD3-4F17-A22A-5B74B6956E49}
		{6C983760-8581-407F-80C9-3F3D6BD56F90} = {E6888704-6043-4027-8A71-0BC948E91EAF}
		{153283A3-254E-421F-B69F-CFFC6AAC09FE} = {C3DAC5ED-3FD3-4F17-A22A-5B74B6956E49}
		{5512FC71-409A-40BF-8634-268720C7B75C} = {C3DAC5ED-3FD3-4F17-A22A-5B74B6956E49}
		{8B5CEAF9-0553-4156-ABFA-B8A27E251514} = {153283A3-254E-421F-B69F-CFFC6AAC09FE}
		{AB4430E2-EAA3-4DE0-92C8-3298BB7A81C3} = {153283A3-254E-421F-B69F-CFFC6AAC09FE}
		{DA9CE85E-7B4D-408B-9116-53A5918CAD1A} = {153283A3-254E-421F-B69F-CFFC6AAC09FE}
		{3C0AE938-D5E2-4434-8262-802CABD1AF8B} = {5512FC71-409A-40BF-8634-268720C7B75C}
		{30A463B1-30CD-4ABD-9CEA-8EE1A93DCC7C} = {5512FC71-409A-40BF-8634-268720C7B75C}
		{7B0920A1-93D0-4206-A8D7-4303DC0DE66E} = {5512FC71-409A-40BF-8634-268720C7B75C}
		{2B3AF9A8-D4C1-4B4E-BBC6-AAA4260E42F3} = {5512FC71-409A-40BF-8634-268720C7B75C}
		{270F2140-0363-4B34-A947-83761EEF2D66} = {E6888704-6043-4027-8A71-0BC948E91EAF}
		{1F1DB95D-E340-4533-96CD-46645E10E5D5} = {270F2140-0363-4B34-A947-83761EEF2D66}
		{259ADAF9-A9CA-4AAA-9AFE-FCF29256AB9F} = {270F2140-0363-4B34-A947-83761EEF2D66}
		{8BBDCC6D-82D7-47A7-BD8D-D07A1581DF7D} = {6450E996-847E-4AEA-878D-9905100CA668}
		{8763410B-44A3-474A-9F00-28AD33AD2719} = {6450E996-847E-4AEA-878D-9905100CA668}
	EndGlobalSection
	GlobalSection(ExtensibilityGlobals) = postSolution
		SolutionGuid = {3617D4BC-10AC-4371-A892-4F4A1D848DF5}
	EndGlobalSection
EndGlobal
