
Microsoft Visual Studio Solution File, Format Version 12.00
# Visual Studio Version 16
VisualStudioVersion = 16.0.30907.101
MinimumVisualStudioVersion = 10.0.40219.1
Project("{9A19103F-16F7-4668-BE54-9A1E7A4F7556}") = "IdeaRS.OpenModel", "IdeaRS.OpenModel\IdeaRS.OpenModel.csproj", "{9C319AF9-ABFE-4887-8B0A-E1039013FC0A}"
EndProject
Project("{9A19103F-16F7-4668-BE54-9A1E7A4F7556}") = "IdeaStatiCa.Plugin", "IdeaStatiCa.Plugin\IdeaStatiCa.Plugin.csproj", "{0AE2951F-A585-4390-B35D-D4384628A453}"
EndProject
Global
	GlobalSection(SolutionConfigurationPlatforms) = preSolution
		Debug|Any CPU = Debug|Any CPU
		Release|Any CPU = Release|Any CPU
	EndGlobalSection
	GlobalSection(ProjectConfigurationPlatforms) = postSolution
		{9C319AF9-ABFE-4887-8B0A-E1039013FC0A}.Debug|Any CPU.ActiveCfg = Debug|Any CPU
		{9C319AF9-ABFE-4887-8B0A-E1039013FC0A}.Debug|Any CPU.Build.0 = Debug|Any CPU
		{9C319AF9-ABFE-4887-8B0A-E1039013FC0A}.Release|Any CPU.ActiveCfg = Release|Any CPU
		{9C319AF9-ABFE-4887-8B0A-E1039013FC0A}.Release|Any CPU.Build.0 = Release|Any CPU
		{0AE2951F-A585-4390-B35D-D4384628A453}.Debug|Any CPU.ActiveCfg = Debug|Any CPU
		{0AE2951F-A585-4390-B35D-D4384628A453}.Debug|Any CPU.Build.0 = Debug|Any CPU
		{0AE2951F-A585-4390-B35D-D4384628A453}.Release|Any CPU.ActiveCfg = Release|Any CPU
		{0AE2951F-A585-4390-B35D-D4384628A453}.Release|Any CPU.Build.0 = Release|Any CPU
	EndGlobalSection
	GlobalSection(SolutionProperties) = preSolution
		HideSolutionNode = FALSE
	EndGlobalSection
	GlobalSection(ExtensibilityGlobals) = postSolution
		SolutionGuid = {3617D4BC-10AC-4371-A892-4F4A1D848DF5}
	EndGlobalSection
EndGlobal
