### YamlMime:ManagedReference
items:
- uid: IdeaStatiCa.BimApi.IIdeaConcreteBlock
  commentId: T:IdeaStatiCa.BimApi.IIdeaConcreteBlock
  id: IIdeaConcreteBlock
  parent: IdeaStatiCa.BimApi
  children:
  - IdeaStatiCa.BimApi.IIdeaConcreteBlock.Height
  - IdeaStatiCa.BimApi.IIdeaConcreteBlock.Lenght
  - IdeaStatiCa.BimApi.IIdeaConcreteBlock.Material
  - IdeaStatiCa.BimApi.IIdeaConcreteBlock.Width
  langs:
  - csharp
  - vb
  name: IIdeaConcreteBlock
  nameWithType: IIdeaConcreteBlock
  fullName: IdeaStatiCa.BimApi.IIdeaConcreteBlock
  type: Interface
  source:
    remote:
      path: src/IdeaStatiCa.BimApi/IIdeaConcreteBlock.cs
      branch: fix_dev_site_links
      repo: https://github.com/idea-statica/ideastatica-public.git
    id: IIdeaConcreteBlock
    path: ../src/IdeaStatiCa.BimApi/IIdeaConcreteBlock.cs
    startLine: 2
  assemblies:
  - IdeaStatiCa.BimApi
  namespace: IdeaStatiCa.BimApi
  syntax:
    content: 'public interface IIdeaConcreteBlock : IIdeaObject'
    content.vb: Public Interface IIdeaConcreteBlock Inherits IIdeaObject
  inheritedMembers:
  - IdeaStatiCa.BimApi.IIdeaObject.Id
  - IdeaStatiCa.BimApi.IIdeaObject.Name
- uid: IdeaStatiCa.BimApi.IIdeaConcreteBlock.Lenght
  commentId: P:IdeaStatiCa.BimApi.IIdeaConcreteBlock.Lenght
  id: Lenght
  parent: IdeaStatiCa.BimApi.IIdeaConcreteBlock
  langs:
  - csharp
  - vb
  name: Lenght
  nameWithType: IIdeaConcreteBlock.Lenght
  fullName: IdeaStatiCa.BimApi.IIdeaConcreteBlock.Lenght
  type: Property
  source:
    remote:
      path: src/IdeaStatiCa.BimApi/IIdeaConcreteBlock.cs
      branch: fix_dev_site_links
      repo: https://github.com/idea-statica/ideastatica-public.git
    id: Lenght
    path: ../src/IdeaStatiCa.BimApi/IIdeaConcreteBlock.cs
    startLine: 7
  assemblies:
  - IdeaStatiCa.BimApi
  namespace: IdeaStatiCa.BimApi
  summary: Lenght
  example: []
  syntax:
    content: double Lenght { get; }
    parameters: []
    return:
      type: System.Double
    content.vb: ReadOnly Property Lenght As Double
  overload: IdeaStatiCa.BimApi.IIdeaConcreteBlock.Lenght*
- uid: IdeaStatiCa.BimApi.IIdeaConcreteBlock.Width
  commentId: P:IdeaStatiCa.BimApi.IIdeaConcreteBlock.Width
  id: Width
  parent: IdeaStatiCa.BimApi.IIdeaConcreteBlock
  langs:
  - csharp
  - vb
  name: Width
  nameWithType: IIdeaConcreteBlock.Width
  fullName: IdeaStatiCa.BimApi.IIdeaConcreteBlock.Width
  type: Property
  source:
    remote:
      path: src/IdeaStatiCa.BimApi/IIdeaConcreteBlock.cs
      branch: fix_dev_site_links
      repo: https://github.com/idea-statica/ideastatica-public.git
    id: Width
    path: ../src/IdeaStatiCa.BimApi/IIdeaConcreteBlock.cs
    startLine: 12
  assemblies:
  - IdeaStatiCa.BimApi
  namespace: IdeaStatiCa.BimApi
  summary: Width
  example: []
  syntax:
    content: double Width { get; }
    parameters: []
    return:
      type: System.Double
    content.vb: ReadOnly Property Width As Double
  overload: IdeaStatiCa.BimApi.IIdeaConcreteBlock.Width*
- uid: IdeaStatiCa.BimApi.IIdeaConcreteBlock.Height
  commentId: P:IdeaStatiCa.BimApi.IIdeaConcreteBlock.Height
  id: Height
  parent: IdeaStatiCa.BimApi.IIdeaConcreteBlock
  langs:
  - csharp
  - vb
  name: Height
  nameWithType: IIdeaConcreteBlock.Height
  fullName: IdeaStatiCa.BimApi.IIdeaConcreteBlock.Height
  type: Property
  source:
    remote:
      path: src/IdeaStatiCa.BimApi/IIdeaConcreteBlock.cs
      branch: fix_dev_site_links
      repo: https://github.com/idea-statica/ideastatica-public.git
    id: Height
    path: ../src/IdeaStatiCa.BimApi/IIdeaConcreteBlock.cs
    startLine: 17
  assemblies:
  - IdeaStatiCa.BimApi
  namespace: IdeaStatiCa.BimApi
  summary: Height
  example: []
  syntax:
    content: double Height { get; }
    parameters: []
    return:
      type: System.Double
    content.vb: ReadOnly Property Height As Double
  overload: IdeaStatiCa.BimApi.IIdeaConcreteBlock.Height*
- uid: IdeaStatiCa.BimApi.IIdeaConcreteBlock.Material
  commentId: P:IdeaStatiCa.BimApi.IIdeaConcreteBlock.Material
  id: Material
  parent: IdeaStatiCa.BimApi.IIdeaConcreteBlock
  langs:
  - csharp
  - vb
  name: Material
  nameWithType: IIdeaConcreteBlock.Material
  fullName: IdeaStatiCa.BimApi.IIdeaConcreteBlock.Material
  type: Property
  source:
    remote:
      path: src/IdeaStatiCa.BimApi/IIdeaConcreteBlock.cs
      branch: fix_dev_site_links
      repo: https://github.com/idea-statica/ideastatica-public.git
    id: Material
    path: ../src/IdeaStatiCa.BimApi/IIdeaConcreteBlock.cs
    startLine: 22
  assemblies:
  - IdeaStatiCa.BimApi
  namespace: IdeaStatiCa.BimApi
  summary: Material of the concrete block.
  example: []
  syntax:
    content: IIdeaMaterial Material { get; }
    parameters: []
    return:
      type: IdeaStatiCa.BimApi.IIdeaMaterial
    content.vb: ReadOnly Property Material As IIdeaMaterial
  overload: IdeaStatiCa.BimApi.IIdeaConcreteBlock.Material*
references:
- uid: IdeaStatiCa.BimApi
  commentId: N:IdeaStatiCa.BimApi
  href: IdeaStatiCa.html
  name: IdeaStatiCa.BimApi
  nameWithType: IdeaStatiCa.BimApi
  fullName: IdeaStatiCa.BimApi
  spec.csharp:
  - uid: IdeaStatiCa
    name: IdeaStatiCa
    href: IdeaStatiCa.html
  - name: .
  - uid: IdeaStatiCa.BimApi
    name: BimApi
    href: IdeaStatiCa.BimApi.html
  spec.vb:
  - uid: IdeaStatiCa
    name: IdeaStatiCa
    href: IdeaStatiCa.html
  - name: .
  - uid: IdeaStatiCa.BimApi
    name: BimApi
    href: IdeaStatiCa.BimApi.html
- uid: IdeaStatiCa.BimApi.IIdeaObject.Id
  commentId: P:IdeaStatiCa.BimApi.IIdeaObject.Id
  parent: IdeaStatiCa.BimApi.IIdeaObject
  href: IdeaStatiCa.BimApi.IIdeaObject.html#IdeaStatiCa.BimApi.IIdeaObject.Id
  name: Id
  nameWithType: IIdeaObject.Id
  fullName: IdeaStatiCa.BimApi.IIdeaObject.Id
- uid: IdeaStatiCa.BimApi.IIdeaObject.Name
  commentId: P:IdeaStatiCa.BimApi.IIdeaObject.Name
  parent: IdeaStatiCa.BimApi.IIdeaObject
  href: IdeaStatiCa.BimApi.IIdeaObject.html#IdeaStatiCa.BimApi.IIdeaObject.Name
  name: Name
  nameWithType: IIdeaObject.Name
  fullName: IdeaStatiCa.BimApi.IIdeaObject.Name
- uid: IdeaStatiCa.BimApi.IIdeaObject
  commentId: T:IdeaStatiCa.BimApi.IIdeaObject
  parent: IdeaStatiCa.BimApi
  href: IdeaStatiCa.BimApi.IIdeaObject.html
  name: IIdeaObject
  nameWithType: IIdeaObject
  fullName: IdeaStatiCa.BimApi.IIdeaObject
- uid: IdeaStatiCa.BimApi.IIdeaConcreteBlock.Lenght*
  commentId: Overload:IdeaStatiCa.BimApi.IIdeaConcreteBlock.Lenght
  href: IdeaStatiCa.BimApi.IIdeaConcreteBlock.html#IdeaStatiCa.BimApi.IIdeaConcreteBlock.Lenght
  name: Lenght
  nameWithType: IIdeaConcreteBlock.Lenght
  fullName: IdeaStatiCa.BimApi.IIdeaConcreteBlock.Lenght
- uid: System.Double
  commentId: T:System.Double
  parent: System
  isExternal: true
  href: https://learn.microsoft.com/dotnet/api/system.double
  name: double
  nameWithType: double
  fullName: double
  nameWithType.vb: Double
  fullName.vb: Double
  name.vb: Double
- uid: System
  commentId: N:System
  isExternal: true
  href: https://learn.microsoft.com/dotnet/api/system
  name: System
  nameWithType: System
  fullName: System
- uid: IdeaStatiCa.BimApi.IIdeaConcreteBlock.Width*
  commentId: Overload:IdeaStatiCa.BimApi.IIdeaConcreteBlock.Width
  href: IdeaStatiCa.BimApi.IIdeaConcreteBlock.html#IdeaStatiCa.BimApi.IIdeaConcreteBlock.Width
  name: Width
  nameWithType: IIdeaConcreteBlock.Width
  fullName: IdeaStatiCa.BimApi.IIdeaConcreteBlock.Width
- uid: IdeaStatiCa.BimApi.IIdeaConcreteBlock.Height*
  commentId: Overload:IdeaStatiCa.BimApi.IIdeaConcreteBlock.Height
  href: IdeaStatiCa.BimApi.IIdeaConcreteBlock.html#IdeaStatiCa.BimApi.IIdeaConcreteBlock.Height
  name: Height
  nameWithType: IIdeaConcreteBlock.Height
  fullName: IdeaStatiCa.BimApi.IIdeaConcreteBlock.Height
- uid: IdeaStatiCa.BimApi.IIdeaConcreteBlock.Material*
  commentId: Overload:IdeaStatiCa.BimApi.IIdeaConcreteBlock.Material
  href: IdeaStatiCa.BimApi.IIdeaConcreteBlock.html#IdeaStatiCa.BimApi.IIdeaConcreteBlock.Material
  name: Material
  nameWithType: IIdeaConcreteBlock.Material
  fullName: IdeaStatiCa.BimApi.IIdeaConcreteBlock.Material
- uid: IdeaStatiCa.BimApi.IIdeaMaterial
  commentId: T:IdeaStatiCa.BimApi.IIdeaMaterial
  parent: IdeaStatiCa.BimApi
  href: IdeaStatiCa.BimApi.IIdeaMaterial.html
  name: IIdeaMaterial
  nameWithType: IIdeaMaterial
  fullName: IdeaStatiCa.BimApi.IIdeaMaterial
